
Microsoft Visual Studio Solution File, Format Version 12.00
# Visual Studio 15
VisualStudioVersion = 15.0.27130.2036
MinimumVisualStudioVersion = 10.0.40219.1
Project("{FAE04EC0-301F-11D3-BF4B-00C04F79EFBC}") = "TeamSupport.Api", "TeamSupport.Api\TeamSupport.Api.csproj", "{CC4D311A-D6EA-4113-B648-537824E3B5D7}"
EndProject
Project("{FAE04EC0-301F-11D3-BF4B-00C04F79EFBC}") = "TeamSupport.Handlers", "TeamSupport.Handlers\TeamSupport.Handlers.csproj", "{7B8AA298-9F29-4CB1-979B-18CC31DF76B1}"
EndProject
Project("{E24C65DC-7377-472B-9ABA-BC803B73C61A}") = "WebApp", "http://localhost:58276", "{FE81BB07-5E84-4DBA-9A7A-76F47826EBB9}"
	ProjectSection(WebsiteProperties) = preProject
		UseIISExpress = "true"
		TargetFrameworkMoniker = ".NETFramework,Version%3Dv4.5"
		ProjectReferences = "{cc4d311a-d6ea-4113-b648-537824e3b5d7}|TeamSupport.Api.dll;{7b8aa298-9f29-4cb1-979b-18cc31df76b1}|TeamSupport.Handlers.dll;{a5e5fc71-6b6f-4e57-9bf0-8602f7a707ea}|TeamSupport.JIRA.dll;{cc262e84-5002-4e7f-b078-7278e93f0c04}|TeamSupport.Messaging.dll;{7beb5c4f-414e-4660-904c-6407a3bc3acf}|TeamSupport.WebUtils.dll;{1943AC11-1F2D-4B85-9F0F-4D67284814BE}|TeamSupport.Data.dll;{8F3F388C-10F5-45D4-9F4C-471236DC14C0}|TeamSupport.Proxy.dll;{7E2B2E07-518A-47A4-A39A-502654E8C8ED}|TeamSupport.ModelAPI.dll;{5C253014-D40C-4927-92F6-A91C2EFB49C5}|TeamSupport.DataAPI.dll;{11C7D899-BCAA-408F-8B85-35593AB7E617}|TeamSupport.IDTree.dll;{ea4d4d19-dbfa-45ca-bb1e-6bb676bd6f0f}|TeamSupport.Permissions.dll;"
		Debug.AspNetCompiler.VirtualPath = "/WebApp"
		Debug.AspNetCompiler.PhysicalPath = "WebApp\"
		Debug.AspNetCompiler.TargetPath = "PrecompiledWeb\WebApp\"
		Debug.AspNetCompiler.Updateable = "true"
		Debug.AspNetCompiler.ForceOverwrite = "true"
		Debug.AspNetCompiler.FixedNames = "false"
		Debug.AspNetCompiler.Debug = "True"
		Release.AspNetCompiler.VirtualPath = "/WebApp"
		Release.AspNetCompiler.PhysicalPath = "WebApp\"
		Release.AspNetCompiler.TargetPath = "PrecompiledWeb\WebApp\"
		Release.AspNetCompiler.Updateable = "true"
		Release.AspNetCompiler.ForceOverwrite = "true"
		Release.AspNetCompiler.FixedNames = "false"
		Release.AspNetCompiler.Debug = "False"
		SlnRelativePath = "WebApp\"
	EndProjectSection
EndProject
Project("{2150E333-8FDC-42A3-9474-1A3956D46DE8}") = ".nuget", ".nuget", "{833DA5CD-B005-4E9A-8D9A-74E9698FDA0B}"
	ProjectSection(SolutionItems) = preProject
		.nuget\NuGet.Config = .nuget\NuGet.Config
		.nuget\NuGet.exe = .nuget\NuGet.exe
		.nuget\NuGet.targets = .nuget\NuGet.targets
		.nuget\packages.config = .nuget\packages.config
	EndProjectSection
EndProject
Project("{FAE04EC0-301F-11D3-BF4B-00C04F79EFBC}") = "TeamSupport.WebUtils", "TeamSupport.WebUtils\TeamSupport.WebUtils.csproj", "{7BEB5C4F-414E-4660-904C-6407A3BC3ACF}"
EndProject
Project("{FAE04EC0-301F-11D3-BF4B-00C04F79EFBC}") = "TeamSupport.JIRA", "TeamSupport.JIRA\TeamSupport.JIRA.csproj", "{A5E5FC71-6B6F-4E57-9BF0-8602F7A707EA}"
EndProject
Project("{FAE04EC0-301F-11D3-BF4B-00C04F79EFBC}") = "TeamSupport.Messaging", "TeamSupport.Messaging\TeamSupport.Messaging.csproj", "{CC262E84-5002-4E7F-B078-7278E93F0C04}"
EndProject
Project("{FAE04EC0-301F-11D3-BF4B-00C04F79EFBC}") = "TeamSupport.Data", "TeamSupport.Data\TeamSupport.Data.csproj", "{1943AC11-1F2D-4B85-9F0F-4D67284814BE}"
EndProject
Project("{FAE04EC0-301F-11D3-BF4B-00C04F79EFBC}") = "TeamSupport.IDTree", "TeamSupport.IDTree\TeamSupport.IDTree.csproj", "{11C7D899-BCAA-408F-8B85-35593AB7E617}"
EndProject
Project("{FAE04EC0-301F-11D3-BF4B-00C04F79EFBC}") = "TeamSupport.DataAPI", "TeamSupport.DataAPI\TeamSupport.DataAPI.csproj", "{5C253014-D40C-4927-92F6-A91C2EFB49C5}"
EndProject
Project("{FAE04EC0-301F-11D3-BF4B-00C04F79EFBC}") = "TeamSupport.ModelAPI", "TeamSupport.ModelAPI\TeamSupport.ModelAPI.csproj", "{7E2B2E07-518A-47A4-A39A-502654E8C8ED}"
EndProject
Project("{FAE04EC0-301F-11D3-BF4B-00C04F79EFBC}") = "TeamSupport.UnitTest", "TeamSupport.UnitTest\TeamSupport.UnitTest.csproj", "{E11C4BBD-F444-4B54-A283-CA14F86C7394}"
EndProject
Project("{FAE04EC0-301F-11D3-BF4B-00C04F79EFBC}") = "TeamSupport.Proxy", "TeamSupport.Proxy\TeamSupport.Proxy.csproj", "{8F3F388C-10F5-45D4-9F4C-471236DC14C0}"
EndProject
Project("{FAE04EC0-301F-11D3-BF4B-00C04F79EFBC}") = "TeamSupport.Permissions", "TeamSupport.Permissions\TeamSupport.Permissions.csproj", "{EA4D4D19-DBFA-45CA-BB1E-6BB676BD6F0F}"
EndProject
Global
	GlobalSection(SolutionConfigurationPlatforms) = preSolution
		Beta|.NET = Beta|.NET
		Beta|Any CPU = Beta|Any CPU
		Beta|Mixed Platforms = Beta|Mixed Platforms
		Beta|Win32 = Beta|Win32
		Beta|x64 = Beta|x64
		Beta|x86 = Beta|x86
		Debug|.NET = Debug|.NET
		Debug|Any CPU = Debug|Any CPU
		Debug|Mixed Platforms = Debug|Mixed Platforms
		Debug|Win32 = Debug|Win32
		Debug|x64 = Debug|x64
		Debug|x86 = Debug|x86
		dtSearch Internal Debug|.NET = dtSearch Internal Debug|.NET
		dtSearch Internal Debug|Any CPU = dtSearch Internal Debug|Any CPU
		dtSearch Internal Debug|Mixed Platforms = dtSearch Internal Debug|Mixed Platforms
		dtSearch Internal Debug|Win32 = dtSearch Internal Debug|Win32
		dtSearch Internal Debug|x64 = dtSearch Internal Debug|x64
		dtSearch Internal Debug|x86 = dtSearch Internal Debug|x86
		Release|.NET = Release|.NET
		Release|Any CPU = Release|Any CPU
		Release|Mixed Platforms = Release|Mixed Platforms
		Release|Win32 = Release|Win32
		Release|x64 = Release|x64
		Release|x86 = Release|x86
	EndGlobalSection
	GlobalSection(ProjectConfigurationPlatforms) = postSolution
		{CC4D311A-D6EA-4113-B648-537824E3B5D7}.Beta|.NET.ActiveCfg = Release|Any CPU
		{CC4D311A-D6EA-4113-B648-537824E3B5D7}.Beta|.NET.Build.0 = Release|Any CPU
		{CC4D311A-D6EA-4113-B648-537824E3B5D7}.Beta|Any CPU.ActiveCfg = Release|Any CPU
		{CC4D311A-D6EA-4113-B648-537824E3B5D7}.Beta|Any CPU.Build.0 = Release|Any CPU
		{CC4D311A-D6EA-4113-B648-537824E3B5D7}.Beta|Mixed Platforms.ActiveCfg = Release|x86
		{CC4D311A-D6EA-4113-B648-537824E3B5D7}.Beta|Mixed Platforms.Build.0 = Release|x86
		{CC4D311A-D6EA-4113-B648-537824E3B5D7}.Beta|Win32.ActiveCfg = Release|x86
		{CC4D311A-D6EA-4113-B648-537824E3B5D7}.Beta|Win32.Build.0 = Release|x86
		{CC4D311A-D6EA-4113-B648-537824E3B5D7}.Beta|x64.ActiveCfg = Release|x64
		{CC4D311A-D6EA-4113-B648-537824E3B5D7}.Beta|x64.Build.0 = Release|x64
		{CC4D311A-D6EA-4113-B648-537824E3B5D7}.Beta|x86.ActiveCfg = Release|x86
		{CC4D311A-D6EA-4113-B648-537824E3B5D7}.Beta|x86.Build.0 = Release|x86
		{CC4D311A-D6EA-4113-B648-537824E3B5D7}.Debug|.NET.ActiveCfg = Debug|Any CPU
		{CC4D311A-D6EA-4113-B648-537824E3B5D7}.Debug|Any CPU.ActiveCfg = Debug|Any CPU
		{CC4D311A-D6EA-4113-B648-537824E3B5D7}.Debug|Any CPU.Build.0 = Debug|Any CPU
		{CC4D311A-D6EA-4113-B648-537824E3B5D7}.Debug|Mixed Platforms.ActiveCfg = Debug|Any CPU
		{CC4D311A-D6EA-4113-B648-537824E3B5D7}.Debug|Mixed Platforms.Build.0 = Debug|Any CPU
		{CC4D311A-D6EA-4113-B648-537824E3B5D7}.Debug|Win32.ActiveCfg = Debug|x86
		{CC4D311A-D6EA-4113-B648-537824E3B5D7}.Debug|x64.ActiveCfg = Debug|x64
		{CC4D311A-D6EA-4113-B648-537824E3B5D7}.Debug|x64.Build.0 = Debug|x64
		{CC4D311A-D6EA-4113-B648-537824E3B5D7}.Debug|x86.ActiveCfg = Debug|x86
		{CC4D311A-D6EA-4113-B648-537824E3B5D7}.Debug|x86.Build.0 = Debug|x86
		{CC4D311A-D6EA-4113-B648-537824E3B5D7}.dtSearch Internal Debug|.NET.ActiveCfg = Debug|x86
		{CC4D311A-D6EA-4113-B648-537824E3B5D7}.dtSearch Internal Debug|Any CPU.ActiveCfg = Debug|Any CPU
		{CC4D311A-D6EA-4113-B648-537824E3B5D7}.dtSearch Internal Debug|Any CPU.Build.0 = Debug|Any CPU
		{CC4D311A-D6EA-4113-B648-537824E3B5D7}.dtSearch Internal Debug|Mixed Platforms.ActiveCfg = Debug|x86
		{CC4D311A-D6EA-4113-B648-537824E3B5D7}.dtSearch Internal Debug|Mixed Platforms.Build.0 = Debug|x86
		{CC4D311A-D6EA-4113-B648-537824E3B5D7}.dtSearch Internal Debug|Win32.ActiveCfg = Debug|x86
		{CC4D311A-D6EA-4113-B648-537824E3B5D7}.dtSearch Internal Debug|x64.ActiveCfg = Debug|x64
		{CC4D311A-D6EA-4113-B648-537824E3B5D7}.dtSearch Internal Debug|x64.Build.0 = Debug|x64
		{CC4D311A-D6EA-4113-B648-537824E3B5D7}.dtSearch Internal Debug|x86.ActiveCfg = Debug|x86
		{CC4D311A-D6EA-4113-B648-537824E3B5D7}.dtSearch Internal Debug|x86.Build.0 = Debug|x86
		{CC4D311A-D6EA-4113-B648-537824E3B5D7}.Release|.NET.ActiveCfg = Release|Any CPU
		{CC4D311A-D6EA-4113-B648-537824E3B5D7}.Release|Any CPU.ActiveCfg = Release|Any CPU
		{CC4D311A-D6EA-4113-B648-537824E3B5D7}.Release|Any CPU.Build.0 = Release|Any CPU
		{CC4D311A-D6EA-4113-B648-537824E3B5D7}.Release|Mixed Platforms.ActiveCfg = Release|Any CPU
		{CC4D311A-D6EA-4113-B648-537824E3B5D7}.Release|Mixed Platforms.Build.0 = Release|Any CPU
		{CC4D311A-D6EA-4113-B648-537824E3B5D7}.Release|Win32.ActiveCfg = Release|x86
		{CC4D311A-D6EA-4113-B648-537824E3B5D7}.Release|x64.ActiveCfg = Release|x64
		{CC4D311A-D6EA-4113-B648-537824E3B5D7}.Release|x64.Build.0 = Release|x64
		{CC4D311A-D6EA-4113-B648-537824E3B5D7}.Release|x86.ActiveCfg = Release|x86
		{CC4D311A-D6EA-4113-B648-537824E3B5D7}.Release|x86.Build.0 = Release|x86
		{7B8AA298-9F29-4CB1-979B-18CC31DF76B1}.Beta|.NET.ActiveCfg = Release|Any CPU
		{7B8AA298-9F29-4CB1-979B-18CC31DF76B1}.Beta|.NET.Build.0 = Release|Any CPU
		{7B8AA298-9F29-4CB1-979B-18CC31DF76B1}.Beta|Any CPU.ActiveCfg = Release|Any CPU
		{7B8AA298-9F29-4CB1-979B-18CC31DF76B1}.Beta|Any CPU.Build.0 = Release|Any CPU
		{7B8AA298-9F29-4CB1-979B-18CC31DF76B1}.Beta|Mixed Platforms.ActiveCfg = Release|x86
		{7B8AA298-9F29-4CB1-979B-18CC31DF76B1}.Beta|Mixed Platforms.Build.0 = Release|x86
		{7B8AA298-9F29-4CB1-979B-18CC31DF76B1}.Beta|Win32.ActiveCfg = Release|x86
		{7B8AA298-9F29-4CB1-979B-18CC31DF76B1}.Beta|Win32.Build.0 = Release|x86
		{7B8AA298-9F29-4CB1-979B-18CC31DF76B1}.Beta|x64.ActiveCfg = Release|x64
		{7B8AA298-9F29-4CB1-979B-18CC31DF76B1}.Beta|x64.Build.0 = Release|x64
		{7B8AA298-9F29-4CB1-979B-18CC31DF76B1}.Beta|x86.ActiveCfg = Release|x86
		{7B8AA298-9F29-4CB1-979B-18CC31DF76B1}.Beta|x86.Build.0 = Release|x86
		{7B8AA298-9F29-4CB1-979B-18CC31DF76B1}.Debug|.NET.ActiveCfg = Debug|Any CPU
		{7B8AA298-9F29-4CB1-979B-18CC31DF76B1}.Debug|Any CPU.ActiveCfg = Debug|Any CPU
		{7B8AA298-9F29-4CB1-979B-18CC31DF76B1}.Debug|Any CPU.Build.0 = Debug|Any CPU
		{7B8AA298-9F29-4CB1-979B-18CC31DF76B1}.Debug|Mixed Platforms.ActiveCfg = Debug|Any CPU
		{7B8AA298-9F29-4CB1-979B-18CC31DF76B1}.Debug|Mixed Platforms.Build.0 = Debug|Any CPU
		{7B8AA298-9F29-4CB1-979B-18CC31DF76B1}.Debug|Win32.ActiveCfg = Debug|x86
		{7B8AA298-9F29-4CB1-979B-18CC31DF76B1}.Debug|x64.ActiveCfg = Debug|x64
		{7B8AA298-9F29-4CB1-979B-18CC31DF76B1}.Debug|x64.Build.0 = Debug|x64
		{7B8AA298-9F29-4CB1-979B-18CC31DF76B1}.Debug|x86.ActiveCfg = Debug|x86
		{7B8AA298-9F29-4CB1-979B-18CC31DF76B1}.Debug|x86.Build.0 = Debug|x86
		{7B8AA298-9F29-4CB1-979B-18CC31DF76B1}.dtSearch Internal Debug|.NET.ActiveCfg = Debug|x86
		{7B8AA298-9F29-4CB1-979B-18CC31DF76B1}.dtSearch Internal Debug|Any CPU.ActiveCfg = Debug|Any CPU
		{7B8AA298-9F29-4CB1-979B-18CC31DF76B1}.dtSearch Internal Debug|Any CPU.Build.0 = Debug|Any CPU
		{7B8AA298-9F29-4CB1-979B-18CC31DF76B1}.dtSearch Internal Debug|Mixed Platforms.ActiveCfg = Debug|x86
		{7B8AA298-9F29-4CB1-979B-18CC31DF76B1}.dtSearch Internal Debug|Mixed Platforms.Build.0 = Debug|x86
		{7B8AA298-9F29-4CB1-979B-18CC31DF76B1}.dtSearch Internal Debug|Win32.ActiveCfg = Debug|x86
		{7B8AA298-9F29-4CB1-979B-18CC31DF76B1}.dtSearch Internal Debug|x64.ActiveCfg = Debug|x64
		{7B8AA298-9F29-4CB1-979B-18CC31DF76B1}.dtSearch Internal Debug|x64.Build.0 = Debug|x64
		{7B8AA298-9F29-4CB1-979B-18CC31DF76B1}.dtSearch Internal Debug|x86.ActiveCfg = Debug|x86
		{7B8AA298-9F29-4CB1-979B-18CC31DF76B1}.dtSearch Internal Debug|x86.Build.0 = Debug|x86
		{7B8AA298-9F29-4CB1-979B-18CC31DF76B1}.Release|.NET.ActiveCfg = Release|Any CPU
		{7B8AA298-9F29-4CB1-979B-18CC31DF76B1}.Release|Any CPU.ActiveCfg = Release|Any CPU
		{7B8AA298-9F29-4CB1-979B-18CC31DF76B1}.Release|Any CPU.Build.0 = Release|Any CPU
		{7B8AA298-9F29-4CB1-979B-18CC31DF76B1}.Release|Mixed Platforms.ActiveCfg = Release|Any CPU
		{7B8AA298-9F29-4CB1-979B-18CC31DF76B1}.Release|Mixed Platforms.Build.0 = Release|Any CPU
		{7B8AA298-9F29-4CB1-979B-18CC31DF76B1}.Release|Win32.ActiveCfg = Release|x86
		{7B8AA298-9F29-4CB1-979B-18CC31DF76B1}.Release|x64.ActiveCfg = Release|x64
		{7B8AA298-9F29-4CB1-979B-18CC31DF76B1}.Release|x64.Build.0 = Release|x64
		{7B8AA298-9F29-4CB1-979B-18CC31DF76B1}.Release|x86.ActiveCfg = Release|x86
		{7B8AA298-9F29-4CB1-979B-18CC31DF76B1}.Release|x86.Build.0 = Release|x86
		{FE81BB07-5E84-4DBA-9A7A-76F47826EBB9}.Beta|.NET.ActiveCfg = Debug|Any CPU
		{FE81BB07-5E84-4DBA-9A7A-76F47826EBB9}.Beta|.NET.Build.0 = Debug|Any CPU
		{FE81BB07-5E84-4DBA-9A7A-76F47826EBB9}.Beta|Any CPU.ActiveCfg = Debug|Any CPU
		{FE81BB07-5E84-4DBA-9A7A-76F47826EBB9}.Beta|Any CPU.Build.0 = Debug|Any CPU
		{FE81BB07-5E84-4DBA-9A7A-76F47826EBB9}.Beta|Mixed Platforms.ActiveCfg = Debug|Any CPU
		{FE81BB07-5E84-4DBA-9A7A-76F47826EBB9}.Beta|Mixed Platforms.Build.0 = Debug|Any CPU
		{FE81BB07-5E84-4DBA-9A7A-76F47826EBB9}.Beta|Win32.ActiveCfg = Debug|Any CPU
		{FE81BB07-5E84-4DBA-9A7A-76F47826EBB9}.Beta|Win32.Build.0 = Debug|Any CPU
		{FE81BB07-5E84-4DBA-9A7A-76F47826EBB9}.Beta|x64.ActiveCfg = Debug|Any CPU
		{FE81BB07-5E84-4DBA-9A7A-76F47826EBB9}.Beta|x64.Build.0 = Debug|Any CPU
		{FE81BB07-5E84-4DBA-9A7A-76F47826EBB9}.Beta|x86.ActiveCfg = Debug|Any CPU
		{FE81BB07-5E84-4DBA-9A7A-76F47826EBB9}.Beta|x86.Build.0 = Debug|Any CPU
		{FE81BB07-5E84-4DBA-9A7A-76F47826EBB9}.Debug|.NET.ActiveCfg = Debug|Any CPU
		{FE81BB07-5E84-4DBA-9A7A-76F47826EBB9}.Debug|Any CPU.ActiveCfg = Debug|Any CPU
		{FE81BB07-5E84-4DBA-9A7A-76F47826EBB9}.Debug|Any CPU.Build.0 = Debug|Any CPU
		{FE81BB07-5E84-4DBA-9A7A-76F47826EBB9}.Debug|Mixed Platforms.ActiveCfg = Debug|Any CPU
		{FE81BB07-5E84-4DBA-9A7A-76F47826EBB9}.Debug|Mixed Platforms.Build.0 = Debug|Any CPU
		{FE81BB07-5E84-4DBA-9A7A-76F47826EBB9}.Debug|Win32.ActiveCfg = Debug|Any CPU
		{FE81BB07-5E84-4DBA-9A7A-76F47826EBB9}.Debug|x64.ActiveCfg = Debug|Any CPU
		{FE81BB07-5E84-4DBA-9A7A-76F47826EBB9}.Debug|x64.Build.0 = Debug|Any CPU
		{FE81BB07-5E84-4DBA-9A7A-76F47826EBB9}.Debug|x86.ActiveCfg = Debug|Any CPU
		{FE81BB07-5E84-4DBA-9A7A-76F47826EBB9}.Debug|x86.Build.0 = Debug|Any CPU
		{FE81BB07-5E84-4DBA-9A7A-76F47826EBB9}.dtSearch Internal Debug|.NET.ActiveCfg = Debug|Any CPU
		{FE81BB07-5E84-4DBA-9A7A-76F47826EBB9}.dtSearch Internal Debug|Any CPU.ActiveCfg = Debug|Any CPU
		{FE81BB07-5E84-4DBA-9A7A-76F47826EBB9}.dtSearch Internal Debug|Any CPU.Build.0 = Debug|Any CPU
		{FE81BB07-5E84-4DBA-9A7A-76F47826EBB9}.dtSearch Internal Debug|Mixed Platforms.ActiveCfg = Debug|Any CPU
		{FE81BB07-5E84-4DBA-9A7A-76F47826EBB9}.dtSearch Internal Debug|Mixed Platforms.Build.0 = Debug|Any CPU
		{FE81BB07-5E84-4DBA-9A7A-76F47826EBB9}.dtSearch Internal Debug|Win32.ActiveCfg = Debug|Any CPU
		{FE81BB07-5E84-4DBA-9A7A-76F47826EBB9}.dtSearch Internal Debug|x64.ActiveCfg = Debug|Any CPU
		{FE81BB07-5E84-4DBA-9A7A-76F47826EBB9}.dtSearch Internal Debug|x86.ActiveCfg = Debug|Any CPU
		{FE81BB07-5E84-4DBA-9A7A-76F47826EBB9}.Release|.NET.ActiveCfg = Debug|Any CPU
		{FE81BB07-5E84-4DBA-9A7A-76F47826EBB9}.Release|Any CPU.ActiveCfg = Debug|Any CPU
		{FE81BB07-5E84-4DBA-9A7A-76F47826EBB9}.Release|Any CPU.Build.0 = Debug|Any CPU
		{FE81BB07-5E84-4DBA-9A7A-76F47826EBB9}.Release|Mixed Platforms.ActiveCfg = Debug|Any CPU
		{FE81BB07-5E84-4DBA-9A7A-76F47826EBB9}.Release|Mixed Platforms.Build.0 = Debug|Any CPU
		{FE81BB07-5E84-4DBA-9A7A-76F47826EBB9}.Release|Win32.ActiveCfg = Debug|Any CPU
		{FE81BB07-5E84-4DBA-9A7A-76F47826EBB9}.Release|x64.ActiveCfg = Debug|Any CPU
		{FE81BB07-5E84-4DBA-9A7A-76F47826EBB9}.Release|x64.Build.0 = Debug|Any CPU
		{FE81BB07-5E84-4DBA-9A7A-76F47826EBB9}.Release|x86.ActiveCfg = Debug|Any CPU
		{FE81BB07-5E84-4DBA-9A7A-76F47826EBB9}.Release|x86.Build.0 = Debug|Any CPU
		{7BEB5C4F-414E-4660-904C-6407A3BC3ACF}.Beta|.NET.ActiveCfg = Release|Any CPU
		{7BEB5C4F-414E-4660-904C-6407A3BC3ACF}.Beta|.NET.Build.0 = Release|Any CPU
		{7BEB5C4F-414E-4660-904C-6407A3BC3ACF}.Beta|Any CPU.ActiveCfg = Release|Any CPU
		{7BEB5C4F-414E-4660-904C-6407A3BC3ACF}.Beta|Any CPU.Build.0 = Release|Any CPU
		{7BEB5C4F-414E-4660-904C-6407A3BC3ACF}.Beta|Mixed Platforms.ActiveCfg = Release|x86
		{7BEB5C4F-414E-4660-904C-6407A3BC3ACF}.Beta|Mixed Platforms.Build.0 = Release|x86
		{7BEB5C4F-414E-4660-904C-6407A3BC3ACF}.Beta|Win32.ActiveCfg = Release|x86
		{7BEB5C4F-414E-4660-904C-6407A3BC3ACF}.Beta|Win32.Build.0 = Release|x86
		{7BEB5C4F-414E-4660-904C-6407A3BC3ACF}.Beta|x64.ActiveCfg = Release|x64
		{7BEB5C4F-414E-4660-904C-6407A3BC3ACF}.Beta|x64.Build.0 = Release|x64
		{7BEB5C4F-414E-4660-904C-6407A3BC3ACF}.Beta|x86.ActiveCfg = Release|x86
		{7BEB5C4F-414E-4660-904C-6407A3BC3ACF}.Beta|x86.Build.0 = Release|x86
		{7BEB5C4F-414E-4660-904C-6407A3BC3ACF}.Debug|.NET.ActiveCfg = Debug|x86
		{7BEB5C4F-414E-4660-904C-6407A3BC3ACF}.Debug|Any CPU.ActiveCfg = Debug|Any CPU
		{7BEB5C4F-414E-4660-904C-6407A3BC3ACF}.Debug|Any CPU.Build.0 = Debug|Any CPU
		{7BEB5C4F-414E-4660-904C-6407A3BC3ACF}.Debug|Mixed Platforms.ActiveCfg = Debug|Any CPU
		{7BEB5C4F-414E-4660-904C-6407A3BC3ACF}.Debug|Mixed Platforms.Build.0 = Debug|Any CPU
		{7BEB5C4F-414E-4660-904C-6407A3BC3ACF}.Debug|Win32.ActiveCfg = Debug|x86
		{7BEB5C4F-414E-4660-904C-6407A3BC3ACF}.Debug|x64.ActiveCfg = Debug|x64
		{7BEB5C4F-414E-4660-904C-6407A3BC3ACF}.Debug|x64.Build.0 = Debug|x64
		{7BEB5C4F-414E-4660-904C-6407A3BC3ACF}.Debug|x86.ActiveCfg = Debug|x86
		{7BEB5C4F-414E-4660-904C-6407A3BC3ACF}.Debug|x86.Build.0 = Debug|x86
		{7BEB5C4F-414E-4660-904C-6407A3BC3ACF}.dtSearch Internal Debug|.NET.ActiveCfg = Debug|x86
		{7BEB5C4F-414E-4660-904C-6407A3BC3ACF}.dtSearch Internal Debug|Any CPU.ActiveCfg = Debug|Any CPU
		{7BEB5C4F-414E-4660-904C-6407A3BC3ACF}.dtSearch Internal Debug|Any CPU.Build.0 = Debug|Any CPU
		{7BEB5C4F-414E-4660-904C-6407A3BC3ACF}.dtSearch Internal Debug|Mixed Platforms.ActiveCfg = Debug|x86
		{7BEB5C4F-414E-4660-904C-6407A3BC3ACF}.dtSearch Internal Debug|Mixed Platforms.Build.0 = Debug|x86
		{7BEB5C4F-414E-4660-904C-6407A3BC3ACF}.dtSearch Internal Debug|Win32.ActiveCfg = Debug|x86
		{7BEB5C4F-414E-4660-904C-6407A3BC3ACF}.dtSearch Internal Debug|x64.ActiveCfg = Debug|x64
		{7BEB5C4F-414E-4660-904C-6407A3BC3ACF}.dtSearch Internal Debug|x64.Build.0 = Debug|x64
		{7BEB5C4F-414E-4660-904C-6407A3BC3ACF}.dtSearch Internal Debug|x86.ActiveCfg = Debug|x86
		{7BEB5C4F-414E-4660-904C-6407A3BC3ACF}.dtSearch Internal Debug|x86.Build.0 = Debug|x86
		{7BEB5C4F-414E-4660-904C-6407A3BC3ACF}.Release|.NET.ActiveCfg = Release|x86
		{7BEB5C4F-414E-4660-904C-6407A3BC3ACF}.Release|Any CPU.ActiveCfg = Release|Any CPU
		{7BEB5C4F-414E-4660-904C-6407A3BC3ACF}.Release|Any CPU.Build.0 = Release|Any CPU
		{7BEB5C4F-414E-4660-904C-6407A3BC3ACF}.Release|Mixed Platforms.ActiveCfg = Release|x86
		{7BEB5C4F-414E-4660-904C-6407A3BC3ACF}.Release|Mixed Platforms.Build.0 = Release|x86
		{7BEB5C4F-414E-4660-904C-6407A3BC3ACF}.Release|Win32.ActiveCfg = Release|x86
		{7BEB5C4F-414E-4660-904C-6407A3BC3ACF}.Release|x64.ActiveCfg = Release|x64
		{7BEB5C4F-414E-4660-904C-6407A3BC3ACF}.Release|x64.Build.0 = Release|x64
		{7BEB5C4F-414E-4660-904C-6407A3BC3ACF}.Release|x86.ActiveCfg = Release|x86
		{7BEB5C4F-414E-4660-904C-6407A3BC3ACF}.Release|x86.Build.0 = Release|x86
		{A5E5FC71-6B6F-4E57-9BF0-8602F7A707EA}.Beta|.NET.ActiveCfg = Release|Any CPU
		{A5E5FC71-6B6F-4E57-9BF0-8602F7A707EA}.Beta|.NET.Build.0 = Release|Any CPU
		{A5E5FC71-6B6F-4E57-9BF0-8602F7A707EA}.Beta|Any CPU.ActiveCfg = Release|Any CPU
		{A5E5FC71-6B6F-4E57-9BF0-8602F7A707EA}.Beta|Any CPU.Build.0 = Release|Any CPU
		{A5E5FC71-6B6F-4E57-9BF0-8602F7A707EA}.Beta|Mixed Platforms.ActiveCfg = Release|Any CPU
		{A5E5FC71-6B6F-4E57-9BF0-8602F7A707EA}.Beta|Mixed Platforms.Build.0 = Release|Any CPU
		{A5E5FC71-6B6F-4E57-9BF0-8602F7A707EA}.Beta|Win32.ActiveCfg = Release|Any CPU
		{A5E5FC71-6B6F-4E57-9BF0-8602F7A707EA}.Beta|Win32.Build.0 = Release|Any CPU
		{A5E5FC71-6B6F-4E57-9BF0-8602F7A707EA}.Beta|x64.ActiveCfg = Release|Any CPU
		{A5E5FC71-6B6F-4E57-9BF0-8602F7A707EA}.Beta|x64.Build.0 = Release|Any CPU
		{A5E5FC71-6B6F-4E57-9BF0-8602F7A707EA}.Beta|x86.ActiveCfg = Release|Any CPU
		{A5E5FC71-6B6F-4E57-9BF0-8602F7A707EA}.Beta|x86.Build.0 = Release|Any CPU
		{A5E5FC71-6B6F-4E57-9BF0-8602F7A707EA}.Debug|.NET.ActiveCfg = Debug|Any CPU
		{A5E5FC71-6B6F-4E57-9BF0-8602F7A707EA}.Debug|Any CPU.ActiveCfg = Debug|Any CPU
		{A5E5FC71-6B6F-4E57-9BF0-8602F7A707EA}.Debug|Any CPU.Build.0 = Debug|Any CPU
		{A5E5FC71-6B6F-4E57-9BF0-8602F7A707EA}.Debug|Mixed Platforms.ActiveCfg = Debug|Any CPU
		{A5E5FC71-6B6F-4E57-9BF0-8602F7A707EA}.Debug|Mixed Platforms.Build.0 = Debug|Any CPU
		{A5E5FC71-6B6F-4E57-9BF0-8602F7A707EA}.Debug|Win32.ActiveCfg = Debug|Any CPU
		{A5E5FC71-6B6F-4E57-9BF0-8602F7A707EA}.Debug|x64.ActiveCfg = Debug|Any CPU
		{A5E5FC71-6B6F-4E57-9BF0-8602F7A707EA}.Debug|x64.Build.0 = Debug|Any CPU
		{A5E5FC71-6B6F-4E57-9BF0-8602F7A707EA}.Debug|x86.ActiveCfg = Debug|Any CPU
		{A5E5FC71-6B6F-4E57-9BF0-8602F7A707EA}.Debug|x86.Build.0 = Debug|Any CPU
		{A5E5FC71-6B6F-4E57-9BF0-8602F7A707EA}.dtSearch Internal Debug|.NET.ActiveCfg = Debug|Any CPU
		{A5E5FC71-6B6F-4E57-9BF0-8602F7A707EA}.dtSearch Internal Debug|Any CPU.ActiveCfg = Debug|Any CPU
		{A5E5FC71-6B6F-4E57-9BF0-8602F7A707EA}.dtSearch Internal Debug|Any CPU.Build.0 = Debug|Any CPU
		{A5E5FC71-6B6F-4E57-9BF0-8602F7A707EA}.dtSearch Internal Debug|Mixed Platforms.ActiveCfg = Debug|Any CPU
		{A5E5FC71-6B6F-4E57-9BF0-8602F7A707EA}.dtSearch Internal Debug|Mixed Platforms.Build.0 = Debug|Any CPU
		{A5E5FC71-6B6F-4E57-9BF0-8602F7A707EA}.dtSearch Internal Debug|Win32.ActiveCfg = Debug|Any CPU
		{A5E5FC71-6B6F-4E57-9BF0-8602F7A707EA}.dtSearch Internal Debug|x64.ActiveCfg = Debug|Any CPU
		{A5E5FC71-6B6F-4E57-9BF0-8602F7A707EA}.dtSearch Internal Debug|x86.ActiveCfg = Debug|Any CPU
		{A5E5FC71-6B6F-4E57-9BF0-8602F7A707EA}.Release|.NET.ActiveCfg = Release|Any CPU
		{A5E5FC71-6B6F-4E57-9BF0-8602F7A707EA}.Release|Any CPU.ActiveCfg = Release|Any CPU
		{A5E5FC71-6B6F-4E57-9BF0-8602F7A707EA}.Release|Any CPU.Build.0 = Release|Any CPU
		{A5E5FC71-6B6F-4E57-9BF0-8602F7A707EA}.Release|Mixed Platforms.ActiveCfg = Release|Any CPU
		{A5E5FC71-6B6F-4E57-9BF0-8602F7A707EA}.Release|Mixed Platforms.Build.0 = Release|Any CPU
		{A5E5FC71-6B6F-4E57-9BF0-8602F7A707EA}.Release|Win32.ActiveCfg = Release|Any CPU
		{A5E5FC71-6B6F-4E57-9BF0-8602F7A707EA}.Release|x64.ActiveCfg = Release|Any CPU
		{A5E5FC71-6B6F-4E57-9BF0-8602F7A707EA}.Release|x64.Build.0 = Release|Any CPU
		{A5E5FC71-6B6F-4E57-9BF0-8602F7A707EA}.Release|x86.ActiveCfg = Release|Any CPU
		{A5E5FC71-6B6F-4E57-9BF0-8602F7A707EA}.Release|x86.Build.0 = Release|Any CPU
		{CC262E84-5002-4E7F-B078-7278E93F0C04}.Beta|.NET.ActiveCfg = Release|Any CPU
		{CC262E84-5002-4E7F-B078-7278E93F0C04}.Beta|.NET.Build.0 = Release|Any CPU
		{CC262E84-5002-4E7F-B078-7278E93F0C04}.Beta|Any CPU.ActiveCfg = Release|Any CPU
		{CC262E84-5002-4E7F-B078-7278E93F0C04}.Beta|Any CPU.Build.0 = Release|Any CPU
		{CC262E84-5002-4E7F-B078-7278E93F0C04}.Beta|Mixed Platforms.ActiveCfg = Release|Any CPU
		{CC262E84-5002-4E7F-B078-7278E93F0C04}.Beta|Mixed Platforms.Build.0 = Release|Any CPU
		{CC262E84-5002-4E7F-B078-7278E93F0C04}.Beta|Win32.ActiveCfg = Release|Any CPU
		{CC262E84-5002-4E7F-B078-7278E93F0C04}.Beta|Win32.Build.0 = Release|Any CPU
		{CC262E84-5002-4E7F-B078-7278E93F0C04}.Beta|x64.ActiveCfg = Release|Any CPU
		{CC262E84-5002-4E7F-B078-7278E93F0C04}.Beta|x64.Build.0 = Release|Any CPU
		{CC262E84-5002-4E7F-B078-7278E93F0C04}.Beta|x86.ActiveCfg = Release|Any CPU
		{CC262E84-5002-4E7F-B078-7278E93F0C04}.Beta|x86.Build.0 = Release|Any CPU
		{CC262E84-5002-4E7F-B078-7278E93F0C04}.Debug|.NET.ActiveCfg = Debug|Any CPU
		{CC262E84-5002-4E7F-B078-7278E93F0C04}.Debug|Any CPU.ActiveCfg = Debug|Any CPU
		{CC262E84-5002-4E7F-B078-7278E93F0C04}.Debug|Any CPU.Build.0 = Debug|Any CPU
		{CC262E84-5002-4E7F-B078-7278E93F0C04}.Debug|Mixed Platforms.ActiveCfg = Debug|Any CPU
		{CC262E84-5002-4E7F-B078-7278E93F0C04}.Debug|Mixed Platforms.Build.0 = Debug|Any CPU
		{CC262E84-5002-4E7F-B078-7278E93F0C04}.Debug|Win32.ActiveCfg = Debug|Any CPU
		{CC262E84-5002-4E7F-B078-7278E93F0C04}.Debug|x64.ActiveCfg = Debug|Any CPU
		{CC262E84-5002-4E7F-B078-7278E93F0C04}.Debug|x64.Build.0 = Debug|Any CPU
		{CC262E84-5002-4E7F-B078-7278E93F0C04}.Debug|x86.ActiveCfg = Debug|Any CPU
		{CC262E84-5002-4E7F-B078-7278E93F0C04}.Debug|x86.Build.0 = Debug|Any CPU
		{CC262E84-5002-4E7F-B078-7278E93F0C04}.dtSearch Internal Debug|.NET.ActiveCfg = Debug|Any CPU
		{CC262E84-5002-4E7F-B078-7278E93F0C04}.dtSearch Internal Debug|Any CPU.ActiveCfg = Debug|Any CPU
		{CC262E84-5002-4E7F-B078-7278E93F0C04}.dtSearch Internal Debug|Any CPU.Build.0 = Debug|Any CPU
		{CC262E84-5002-4E7F-B078-7278E93F0C04}.dtSearch Internal Debug|Mixed Platforms.ActiveCfg = Debug|Any CPU
		{CC262E84-5002-4E7F-B078-7278E93F0C04}.dtSearch Internal Debug|Mixed Platforms.Build.0 = Debug|Any CPU
		{CC262E84-5002-4E7F-B078-7278E93F0C04}.dtSearch Internal Debug|Win32.ActiveCfg = Debug|Any CPU
		{CC262E84-5002-4E7F-B078-7278E93F0C04}.dtSearch Internal Debug|x64.ActiveCfg = Debug|Any CPU
		{CC262E84-5002-4E7F-B078-7278E93F0C04}.dtSearch Internal Debug|x86.ActiveCfg = Debug|Any CPU
		{CC262E84-5002-4E7F-B078-7278E93F0C04}.Release|.NET.ActiveCfg = Release|Any CPU
		{CC262E84-5002-4E7F-B078-7278E93F0C04}.Release|Any CPU.ActiveCfg = Release|Any CPU
		{CC262E84-5002-4E7F-B078-7278E93F0C04}.Release|Any CPU.Build.0 = Release|Any CPU
		{CC262E84-5002-4E7F-B078-7278E93F0C04}.Release|Mixed Platforms.ActiveCfg = Release|Any CPU
		{CC262E84-5002-4E7F-B078-7278E93F0C04}.Release|Mixed Platforms.Build.0 = Release|Any CPU
		{CC262E84-5002-4E7F-B078-7278E93F0C04}.Release|Win32.ActiveCfg = Release|Any CPU
		{CC262E84-5002-4E7F-B078-7278E93F0C04}.Release|x64.ActiveCfg = Release|Any CPU
		{CC262E84-5002-4E7F-B078-7278E93F0C04}.Release|x64.Build.0 = Release|Any CPU
		{CC262E84-5002-4E7F-B078-7278E93F0C04}.Release|x86.ActiveCfg = Release|Any CPU
		{CC262E84-5002-4E7F-B078-7278E93F0C04}.Release|x86.Build.0 = Release|Any CPU
		{1943AC11-1F2D-4B85-9F0F-4D67284814BE}.Beta|.NET.ActiveCfg = Beta|Any CPU
		{1943AC11-1F2D-4B85-9F0F-4D67284814BE}.Beta|.NET.Build.0 = Beta|Any CPU
		{1943AC11-1F2D-4B85-9F0F-4D67284814BE}.Beta|Any CPU.ActiveCfg = Beta|Any CPU
		{1943AC11-1F2D-4B85-9F0F-4D67284814BE}.Beta|Any CPU.Build.0 = Beta|Any CPU
		{1943AC11-1F2D-4B85-9F0F-4D67284814BE}.Beta|Mixed Platforms.ActiveCfg = Beta|x86
		{1943AC11-1F2D-4B85-9F0F-4D67284814BE}.Beta|Mixed Platforms.Build.0 = Beta|x86
		{1943AC11-1F2D-4B85-9F0F-4D67284814BE}.Beta|Win32.ActiveCfg = Beta|x86
		{1943AC11-1F2D-4B85-9F0F-4D67284814BE}.Beta|Win32.Build.0 = Beta|x86
		{1943AC11-1F2D-4B85-9F0F-4D67284814BE}.Beta|x64.ActiveCfg = Beta|x64
		{1943AC11-1F2D-4B85-9F0F-4D67284814BE}.Beta|x64.Build.0 = Beta|x64
		{1943AC11-1F2D-4B85-9F0F-4D67284814BE}.Beta|x86.ActiveCfg = Beta|x86
		{1943AC11-1F2D-4B85-9F0F-4D67284814BE}.Beta|x86.Build.0 = Beta|x86
		{1943AC11-1F2D-4B85-9F0F-4D67284814BE}.Debug|.NET.ActiveCfg = Debug|Any CPU
		{1943AC11-1F2D-4B85-9F0F-4D67284814BE}.Debug|.NET.Build.0 = Debug|Any CPU
		{1943AC11-1F2D-4B85-9F0F-4D67284814BE}.Debug|Any CPU.ActiveCfg = Debug|Any CPU
		{1943AC11-1F2D-4B85-9F0F-4D67284814BE}.Debug|Any CPU.Build.0 = Debug|Any CPU
		{1943AC11-1F2D-4B85-9F0F-4D67284814BE}.Debug|Mixed Platforms.ActiveCfg = Debug|x86
		{1943AC11-1F2D-4B85-9F0F-4D67284814BE}.Debug|Mixed Platforms.Build.0 = Debug|x86
		{1943AC11-1F2D-4B85-9F0F-4D67284814BE}.Debug|Win32.ActiveCfg = Debug|x86
		{1943AC11-1F2D-4B85-9F0F-4D67284814BE}.Debug|Win32.Build.0 = Debug|x86
		{1943AC11-1F2D-4B85-9F0F-4D67284814BE}.Debug|x64.ActiveCfg = Debug|x64
		{1943AC11-1F2D-4B85-9F0F-4D67284814BE}.Debug|x64.Build.0 = Debug|x64
		{1943AC11-1F2D-4B85-9F0F-4D67284814BE}.Debug|x86.ActiveCfg = Debug|x86
		{1943AC11-1F2D-4B85-9F0F-4D67284814BE}.Debug|x86.Build.0 = Debug|x86
		{1943AC11-1F2D-4B85-9F0F-4D67284814BE}.dtSearch Internal Debug|.NET.ActiveCfg = Debug|Any CPU
		{1943AC11-1F2D-4B85-9F0F-4D67284814BE}.dtSearch Internal Debug|.NET.Build.0 = Debug|Any CPU
		{1943AC11-1F2D-4B85-9F0F-4D67284814BE}.dtSearch Internal Debug|Any CPU.ActiveCfg = Debug|Any CPU
		{1943AC11-1F2D-4B85-9F0F-4D67284814BE}.dtSearch Internal Debug|Any CPU.Build.0 = Debug|Any CPU
		{1943AC11-1F2D-4B85-9F0F-4D67284814BE}.dtSearch Internal Debug|Mixed Platforms.ActiveCfg = Debug|x86
		{1943AC11-1F2D-4B85-9F0F-4D67284814BE}.dtSearch Internal Debug|Mixed Platforms.Build.0 = Debug|x86
		{1943AC11-1F2D-4B85-9F0F-4D67284814BE}.dtSearch Internal Debug|Win32.ActiveCfg = Debug|x86
		{1943AC11-1F2D-4B85-9F0F-4D67284814BE}.dtSearch Internal Debug|Win32.Build.0 = Debug|x86
		{1943AC11-1F2D-4B85-9F0F-4D67284814BE}.dtSearch Internal Debug|x64.ActiveCfg = Debug|x64
		{1943AC11-1F2D-4B85-9F0F-4D67284814BE}.dtSearch Internal Debug|x64.Build.0 = Debug|x64
		{1943AC11-1F2D-4B85-9F0F-4D67284814BE}.dtSearch Internal Debug|x86.ActiveCfg = Debug|x86
		{1943AC11-1F2D-4B85-9F0F-4D67284814BE}.dtSearch Internal Debug|x86.Build.0 = Debug|x86
		{1943AC11-1F2D-4B85-9F0F-4D67284814BE}.Release|.NET.ActiveCfg = Release|Any CPU
		{1943AC11-1F2D-4B85-9F0F-4D67284814BE}.Release|.NET.Build.0 = Release|Any CPU
		{1943AC11-1F2D-4B85-9F0F-4D67284814BE}.Release|Any CPU.ActiveCfg = Release|Any CPU
		{1943AC11-1F2D-4B85-9F0F-4D67284814BE}.Release|Any CPU.Build.0 = Release|Any CPU
		{1943AC11-1F2D-4B85-9F0F-4D67284814BE}.Release|Mixed Platforms.ActiveCfg = Release|x86
		{1943AC11-1F2D-4B85-9F0F-4D67284814BE}.Release|Mixed Platforms.Build.0 = Release|x86
		{1943AC11-1F2D-4B85-9F0F-4D67284814BE}.Release|Win32.ActiveCfg = Release|x86
		{1943AC11-1F2D-4B85-9F0F-4D67284814BE}.Release|Win32.Build.0 = Release|x86
		{1943AC11-1F2D-4B85-9F0F-4D67284814BE}.Release|x64.ActiveCfg = Release|x64
		{1943AC11-1F2D-4B85-9F0F-4D67284814BE}.Release|x64.Build.0 = Release|x64
		{1943AC11-1F2D-4B85-9F0F-4D67284814BE}.Release|x86.ActiveCfg = Release|x86
		{1943AC11-1F2D-4B85-9F0F-4D67284814BE}.Release|x86.Build.0 = Release|x86
		{11C7D899-BCAA-408F-8B85-35593AB7E617}.Beta|.NET.ActiveCfg = Release|Any CPU
		{11C7D899-BCAA-408F-8B85-35593AB7E617}.Beta|.NET.Build.0 = Release|Any CPU
		{11C7D899-BCAA-408F-8B85-35593AB7E617}.Beta|Any CPU.ActiveCfg = Release|Any CPU
		{11C7D899-BCAA-408F-8B85-35593AB7E617}.Beta|Any CPU.Build.0 = Release|Any CPU
		{11C7D899-BCAA-408F-8B85-35593AB7E617}.Beta|Mixed Platforms.ActiveCfg = Release|Any CPU
		{11C7D899-BCAA-408F-8B85-35593AB7E617}.Beta|Mixed Platforms.Build.0 = Release|Any CPU
		{11C7D899-BCAA-408F-8B85-35593AB7E617}.Beta|Win32.ActiveCfg = Release|Any CPU
		{11C7D899-BCAA-408F-8B85-35593AB7E617}.Beta|Win32.Build.0 = Release|Any CPU
		{11C7D899-BCAA-408F-8B85-35593AB7E617}.Beta|x64.ActiveCfg = Release|Any CPU
		{11C7D899-BCAA-408F-8B85-35593AB7E617}.Beta|x64.Build.0 = Release|Any CPU
		{11C7D899-BCAA-408F-8B85-35593AB7E617}.Beta|x86.ActiveCfg = Release|Any CPU
		{11C7D899-BCAA-408F-8B85-35593AB7E617}.Beta|x86.Build.0 = Release|Any CPU
		{11C7D899-BCAA-408F-8B85-35593AB7E617}.Debug|.NET.ActiveCfg = Debug|Any CPU
		{11C7D899-BCAA-408F-8B85-35593AB7E617}.Debug|.NET.Build.0 = Debug|Any CPU
		{11C7D899-BCAA-408F-8B85-35593AB7E617}.Debug|Any CPU.ActiveCfg = Debug|Any CPU
		{11C7D899-BCAA-408F-8B85-35593AB7E617}.Debug|Any CPU.Build.0 = Debug|Any CPU
		{11C7D899-BCAA-408F-8B85-35593AB7E617}.Debug|Mixed Platforms.ActiveCfg = Debug|Any CPU
		{11C7D899-BCAA-408F-8B85-35593AB7E617}.Debug|Mixed Platforms.Build.0 = Debug|Any CPU
		{11C7D899-BCAA-408F-8B85-35593AB7E617}.Debug|Win32.ActiveCfg = Debug|Any CPU
		{11C7D899-BCAA-408F-8B85-35593AB7E617}.Debug|Win32.Build.0 = Debug|Any CPU
		{11C7D899-BCAA-408F-8B85-35593AB7E617}.Debug|x64.ActiveCfg = Debug|Any CPU
		{11C7D899-BCAA-408F-8B85-35593AB7E617}.Debug|x64.Build.0 = Debug|Any CPU
		{11C7D899-BCAA-408F-8B85-35593AB7E617}.Debug|x86.ActiveCfg = Debug|Any CPU
		{11C7D899-BCAA-408F-8B85-35593AB7E617}.Debug|x86.Build.0 = Debug|Any CPU
		{11C7D899-BCAA-408F-8B85-35593AB7E617}.dtSearch Internal Debug|.NET.ActiveCfg = Debug|Any CPU
		{11C7D899-BCAA-408F-8B85-35593AB7E617}.dtSearch Internal Debug|.NET.Build.0 = Debug|Any CPU
		{11C7D899-BCAA-408F-8B85-35593AB7E617}.dtSearch Internal Debug|Any CPU.ActiveCfg = Debug|Any CPU
		{11C7D899-BCAA-408F-8B85-35593AB7E617}.dtSearch Internal Debug|Any CPU.Build.0 = Debug|Any CPU
		{11C7D899-BCAA-408F-8B85-35593AB7E617}.dtSearch Internal Debug|Mixed Platforms.ActiveCfg = Debug|Any CPU
		{11C7D899-BCAA-408F-8B85-35593AB7E617}.dtSearch Internal Debug|Mixed Platforms.Build.0 = Debug|Any CPU
		{11C7D899-BCAA-408F-8B85-35593AB7E617}.dtSearch Internal Debug|Win32.ActiveCfg = Debug|Any CPU
		{11C7D899-BCAA-408F-8B85-35593AB7E617}.dtSearch Internal Debug|Win32.Build.0 = Debug|Any CPU
		{11C7D899-BCAA-408F-8B85-35593AB7E617}.dtSearch Internal Debug|x64.ActiveCfg = Debug|Any CPU
		{11C7D899-BCAA-408F-8B85-35593AB7E617}.dtSearch Internal Debug|x64.Build.0 = Debug|Any CPU
		{11C7D899-BCAA-408F-8B85-35593AB7E617}.dtSearch Internal Debug|x86.ActiveCfg = Debug|Any CPU
		{11C7D899-BCAA-408F-8B85-35593AB7E617}.dtSearch Internal Debug|x86.Build.0 = Debug|Any CPU
		{11C7D899-BCAA-408F-8B85-35593AB7E617}.Release|.NET.ActiveCfg = Release|Any CPU
		{11C7D899-BCAA-408F-8B85-35593AB7E617}.Release|.NET.Build.0 = Release|Any CPU
		{11C7D899-BCAA-408F-8B85-35593AB7E617}.Release|Any CPU.ActiveCfg = Release|Any CPU
		{11C7D899-BCAA-408F-8B85-35593AB7E617}.Release|Any CPU.Build.0 = Release|Any CPU
		{11C7D899-BCAA-408F-8B85-35593AB7E617}.Release|Mixed Platforms.ActiveCfg = Release|Any CPU
		{11C7D899-BCAA-408F-8B85-35593AB7E617}.Release|Mixed Platforms.Build.0 = Release|Any CPU
		{11C7D899-BCAA-408F-8B85-35593AB7E617}.Release|Win32.ActiveCfg = Release|Any CPU
		{11C7D899-BCAA-408F-8B85-35593AB7E617}.Release|Win32.Build.0 = Release|Any CPU
		{11C7D899-BCAA-408F-8B85-35593AB7E617}.Release|x64.ActiveCfg = Release|Any CPU
		{11C7D899-BCAA-408F-8B85-35593AB7E617}.Release|x64.Build.0 = Release|Any CPU
		{11C7D899-BCAA-408F-8B85-35593AB7E617}.Release|x86.ActiveCfg = Release|Any CPU
		{11C7D899-BCAA-408F-8B85-35593AB7E617}.Release|x86.Build.0 = Release|Any CPU
		{5C253014-D40C-4927-92F6-A91C2EFB49C5}.Beta|.NET.ActiveCfg = Release|Any CPU
		{5C253014-D40C-4927-92F6-A91C2EFB49C5}.Beta|.NET.Build.0 = Release|Any CPU
		{5C253014-D40C-4927-92F6-A91C2EFB49C5}.Beta|Any CPU.ActiveCfg = Release|Any CPU
		{5C253014-D40C-4927-92F6-A91C2EFB49C5}.Beta|Any CPU.Build.0 = Release|Any CPU
		{5C253014-D40C-4927-92F6-A91C2EFB49C5}.Beta|Mixed Platforms.ActiveCfg = Release|Any CPU
		{5C253014-D40C-4927-92F6-A91C2EFB49C5}.Beta|Mixed Platforms.Build.0 = Release|Any CPU
		{5C253014-D40C-4927-92F6-A91C2EFB49C5}.Beta|Win32.ActiveCfg = Release|Any CPU
		{5C253014-D40C-4927-92F6-A91C2EFB49C5}.Beta|Win32.Build.0 = Release|Any CPU
		{5C253014-D40C-4927-92F6-A91C2EFB49C5}.Beta|x64.ActiveCfg = Release|Any CPU
		{5C253014-D40C-4927-92F6-A91C2EFB49C5}.Beta|x64.Build.0 = Release|Any CPU
		{5C253014-D40C-4927-92F6-A91C2EFB49C5}.Beta|x86.ActiveCfg = Release|Any CPU
		{5C253014-D40C-4927-92F6-A91C2EFB49C5}.Beta|x86.Build.0 = Release|Any CPU
		{5C253014-D40C-4927-92F6-A91C2EFB49C5}.Debug|.NET.ActiveCfg = Debug|Any CPU
		{5C253014-D40C-4927-92F6-A91C2EFB49C5}.Debug|.NET.Build.0 = Debug|Any CPU
		{5C253014-D40C-4927-92F6-A91C2EFB49C5}.Debug|Any CPU.ActiveCfg = Debug|Any CPU
		{5C253014-D40C-4927-92F6-A91C2EFB49C5}.Debug|Any CPU.Build.0 = Debug|Any CPU
		{5C253014-D40C-4927-92F6-A91C2EFB49C5}.Debug|Mixed Platforms.ActiveCfg = Debug|Any CPU
		{5C253014-D40C-4927-92F6-A91C2EFB49C5}.Debug|Mixed Platforms.Build.0 = Debug|Any CPU
		{5C253014-D40C-4927-92F6-A91C2EFB49C5}.Debug|Win32.ActiveCfg = Debug|Any CPU
		{5C253014-D40C-4927-92F6-A91C2EFB49C5}.Debug|Win32.Build.0 = Debug|Any CPU
		{5C253014-D40C-4927-92F6-A91C2EFB49C5}.Debug|x64.ActiveCfg = Debug|Any CPU
		{5C253014-D40C-4927-92F6-A91C2EFB49C5}.Debug|x64.Build.0 = Debug|Any CPU
		{5C253014-D40C-4927-92F6-A91C2EFB49C5}.Debug|x86.ActiveCfg = Debug|Any CPU
		{5C253014-D40C-4927-92F6-A91C2EFB49C5}.Debug|x86.Build.0 = Debug|Any CPU
		{5C253014-D40C-4927-92F6-A91C2EFB49C5}.dtSearch Internal Debug|.NET.ActiveCfg = Debug|Any CPU
		{5C253014-D40C-4927-92F6-A91C2EFB49C5}.dtSearch Internal Debug|.NET.Build.0 = Debug|Any CPU
		{5C253014-D40C-4927-92F6-A91C2EFB49C5}.dtSearch Internal Debug|Any CPU.ActiveCfg = Debug|Any CPU
		{5C253014-D40C-4927-92F6-A91C2EFB49C5}.dtSearch Internal Debug|Any CPU.Build.0 = Debug|Any CPU
		{5C253014-D40C-4927-92F6-A91C2EFB49C5}.dtSearch Internal Debug|Mixed Platforms.ActiveCfg = Debug|Any CPU
		{5C253014-D40C-4927-92F6-A91C2EFB49C5}.dtSearch Internal Debug|Mixed Platforms.Build.0 = Debug|Any CPU
		{5C253014-D40C-4927-92F6-A91C2EFB49C5}.dtSearch Internal Debug|Win32.ActiveCfg = Debug|Any CPU
		{5C253014-D40C-4927-92F6-A91C2EFB49C5}.dtSearch Internal Debug|Win32.Build.0 = Debug|Any CPU
		{5C253014-D40C-4927-92F6-A91C2EFB49C5}.dtSearch Internal Debug|x64.ActiveCfg = Debug|Any CPU
		{5C253014-D40C-4927-92F6-A91C2EFB49C5}.dtSearch Internal Debug|x64.Build.0 = Debug|Any CPU
		{5C253014-D40C-4927-92F6-A91C2EFB49C5}.dtSearch Internal Debug|x86.ActiveCfg = Debug|Any CPU
		{5C253014-D40C-4927-92F6-A91C2EFB49C5}.dtSearch Internal Debug|x86.Build.0 = Debug|Any CPU
		{5C253014-D40C-4927-92F6-A91C2EFB49C5}.Release|.NET.ActiveCfg = Release|Any CPU
		{5C253014-D40C-4927-92F6-A91C2EFB49C5}.Release|.NET.Build.0 = Release|Any CPU
		{5C253014-D40C-4927-92F6-A91C2EFB49C5}.Release|Any CPU.ActiveCfg = Release|Any CPU
		{5C253014-D40C-4927-92F6-A91C2EFB49C5}.Release|Any CPU.Build.0 = Release|Any CPU
		{5C253014-D40C-4927-92F6-A91C2EFB49C5}.Release|Mixed Platforms.ActiveCfg = Release|Any CPU
		{5C253014-D40C-4927-92F6-A91C2EFB49C5}.Release|Mixed Platforms.Build.0 = Release|Any CPU
		{5C253014-D40C-4927-92F6-A91C2EFB49C5}.Release|Win32.ActiveCfg = Release|Any CPU
		{5C253014-D40C-4927-92F6-A91C2EFB49C5}.Release|Win32.Build.0 = Release|Any CPU
		{5C253014-D40C-4927-92F6-A91C2EFB49C5}.Release|x64.ActiveCfg = Release|Any CPU
		{5C253014-D40C-4927-92F6-A91C2EFB49C5}.Release|x64.Build.0 = Release|Any CPU
		{5C253014-D40C-4927-92F6-A91C2EFB49C5}.Release|x86.ActiveCfg = Release|Any CPU
		{5C253014-D40C-4927-92F6-A91C2EFB49C5}.Release|x86.Build.0 = Release|Any CPU
		{7E2B2E07-518A-47A4-A39A-502654E8C8ED}.Beta|.NET.ActiveCfg = Release|Any CPU
		{7E2B2E07-518A-47A4-A39A-502654E8C8ED}.Beta|.NET.Build.0 = Release|Any CPU
		{7E2B2E07-518A-47A4-A39A-502654E8C8ED}.Beta|Any CPU.ActiveCfg = Release|Any CPU
		{7E2B2E07-518A-47A4-A39A-502654E8C8ED}.Beta|Any CPU.Build.0 = Release|Any CPU
		{7E2B2E07-518A-47A4-A39A-502654E8C8ED}.Beta|Mixed Platforms.ActiveCfg = Release|Any CPU
		{7E2B2E07-518A-47A4-A39A-502654E8C8ED}.Beta|Mixed Platforms.Build.0 = Release|Any CPU
		{7E2B2E07-518A-47A4-A39A-502654E8C8ED}.Beta|Win32.ActiveCfg = Release|Any CPU
		{7E2B2E07-518A-47A4-A39A-502654E8C8ED}.Beta|Win32.Build.0 = Release|Any CPU
		{7E2B2E07-518A-47A4-A39A-502654E8C8ED}.Beta|x64.ActiveCfg = Release|Any CPU
		{7E2B2E07-518A-47A4-A39A-502654E8C8ED}.Beta|x64.Build.0 = Release|Any CPU
		{7E2B2E07-518A-47A4-A39A-502654E8C8ED}.Beta|x86.ActiveCfg = Release|Any CPU
		{7E2B2E07-518A-47A4-A39A-502654E8C8ED}.Beta|x86.Build.0 = Release|Any CPU
		{7E2B2E07-518A-47A4-A39A-502654E8C8ED}.Debug|.NET.ActiveCfg = Debug|Any CPU
		{7E2B2E07-518A-47A4-A39A-502654E8C8ED}.Debug|.NET.Build.0 = Debug|Any CPU
		{7E2B2E07-518A-47A4-A39A-502654E8C8ED}.Debug|Any CPU.ActiveCfg = Debug|Any CPU
		{7E2B2E07-518A-47A4-A39A-502654E8C8ED}.Debug|Any CPU.Build.0 = Debug|Any CPU
		{7E2B2E07-518A-47A4-A39A-502654E8C8ED}.Debug|Mixed Platforms.ActiveCfg = Debug|Any CPU
		{7E2B2E07-518A-47A4-A39A-502654E8C8ED}.Debug|Mixed Platforms.Build.0 = Debug|Any CPU
		{7E2B2E07-518A-47A4-A39A-502654E8C8ED}.Debug|Win32.ActiveCfg = Debug|Any CPU
		{7E2B2E07-518A-47A4-A39A-502654E8C8ED}.Debug|Win32.Build.0 = Debug|Any CPU
		{7E2B2E07-518A-47A4-A39A-502654E8C8ED}.Debug|x64.ActiveCfg = Debug|Any CPU
		{7E2B2E07-518A-47A4-A39A-502654E8C8ED}.Debug|x64.Build.0 = Debug|Any CPU
		{7E2B2E07-518A-47A4-A39A-502654E8C8ED}.Debug|x86.ActiveCfg = Debug|Any CPU
		{7E2B2E07-518A-47A4-A39A-502654E8C8ED}.Debug|x86.Build.0 = Debug|Any CPU
		{7E2B2E07-518A-47A4-A39A-502654E8C8ED}.dtSearch Internal Debug|.NET.ActiveCfg = Debug|Any CPU
		{7E2B2E07-518A-47A4-A39A-502654E8C8ED}.dtSearch Internal Debug|.NET.Build.0 = Debug|Any CPU
		{7E2B2E07-518A-47A4-A39A-502654E8C8ED}.dtSearch Internal Debug|Any CPU.ActiveCfg = Debug|Any CPU
		{7E2B2E07-518A-47A4-A39A-502654E8C8ED}.dtSearch Internal Debug|Any CPU.Build.0 = Debug|Any CPU
		{7E2B2E07-518A-47A4-A39A-502654E8C8ED}.dtSearch Internal Debug|Mixed Platforms.ActiveCfg = Debug|Any CPU
		{7E2B2E07-518A-47A4-A39A-502654E8C8ED}.dtSearch Internal Debug|Mixed Platforms.Build.0 = Debug|Any CPU
		{7E2B2E07-518A-47A4-A39A-502654E8C8ED}.dtSearch Internal Debug|Win32.ActiveCfg = Debug|Any CPU
		{7E2B2E07-518A-47A4-A39A-502654E8C8ED}.dtSearch Internal Debug|Win32.Build.0 = Debug|Any CPU
		{7E2B2E07-518A-47A4-A39A-502654E8C8ED}.dtSearch Internal Debug|x64.ActiveCfg = Debug|Any CPU
		{7E2B2E07-518A-47A4-A39A-502654E8C8ED}.dtSearch Internal Debug|x64.Build.0 = Debug|Any CPU
		{7E2B2E07-518A-47A4-A39A-502654E8C8ED}.dtSearch Internal Debug|x86.ActiveCfg = Debug|Any CPU
		{7E2B2E07-518A-47A4-A39A-502654E8C8ED}.dtSearch Internal Debug|x86.Build.0 = Debug|Any CPU
		{7E2B2E07-518A-47A4-A39A-502654E8C8ED}.Release|.NET.ActiveCfg = Release|Any CPU
		{7E2B2E07-518A-47A4-A39A-502654E8C8ED}.Release|.NET.Build.0 = Release|Any CPU
		{7E2B2E07-518A-47A4-A39A-502654E8C8ED}.Release|Any CPU.ActiveCfg = Release|Any CPU
		{7E2B2E07-518A-47A4-A39A-502654E8C8ED}.Release|Any CPU.Build.0 = Release|Any CPU
		{7E2B2E07-518A-47A4-A39A-502654E8C8ED}.Release|Mixed Platforms.ActiveCfg = Release|Any CPU
		{7E2B2E07-518A-47A4-A39A-502654E8C8ED}.Release|Mixed Platforms.Build.0 = Release|Any CPU
		{7E2B2E07-518A-47A4-A39A-502654E8C8ED}.Release|Win32.ActiveCfg = Release|Any CPU
		{7E2B2E07-518A-47A4-A39A-502654E8C8ED}.Release|Win32.Build.0 = Release|Any CPU
		{7E2B2E07-518A-47A4-A39A-502654E8C8ED}.Release|x64.ActiveCfg = Release|Any CPU
		{7E2B2E07-518A-47A4-A39A-502654E8C8ED}.Release|x64.Build.0 = Release|Any CPU
		{7E2B2E07-518A-47A4-A39A-502654E8C8ED}.Release|x86.ActiveCfg = Release|Any CPU
		{7E2B2E07-518A-47A4-A39A-502654E8C8ED}.Release|x86.Build.0 = Release|Any CPU
		{E11C4BBD-F444-4B54-A283-CA14F86C7394}.Beta|.NET.ActiveCfg = Release|Any CPU
		{E11C4BBD-F444-4B54-A283-CA14F86C7394}.Beta|.NET.Build.0 = Release|Any CPU
		{E11C4BBD-F444-4B54-A283-CA14F86C7394}.Beta|Any CPU.ActiveCfg = Release|Any CPU
		{E11C4BBD-F444-4B54-A283-CA14F86C7394}.Beta|Any CPU.Build.0 = Release|Any CPU
		{E11C4BBD-F444-4B54-A283-CA14F86C7394}.Beta|Mixed Platforms.ActiveCfg = Release|Any CPU
		{E11C4BBD-F444-4B54-A283-CA14F86C7394}.Beta|Mixed Platforms.Build.0 = Release|Any CPU
		{E11C4BBD-F444-4B54-A283-CA14F86C7394}.Beta|Win32.ActiveCfg = Release|Any CPU
		{E11C4BBD-F444-4B54-A283-CA14F86C7394}.Beta|Win32.Build.0 = Release|Any CPU
		{E11C4BBD-F444-4B54-A283-CA14F86C7394}.Beta|x64.ActiveCfg = Release|Any CPU
		{E11C4BBD-F444-4B54-A283-CA14F86C7394}.Beta|x64.Build.0 = Release|Any CPU
		{E11C4BBD-F444-4B54-A283-CA14F86C7394}.Beta|x86.ActiveCfg = Release|Any CPU
		{E11C4BBD-F444-4B54-A283-CA14F86C7394}.Beta|x86.Build.0 = Release|Any CPU
		{E11C4BBD-F444-4B54-A283-CA14F86C7394}.Debug|.NET.ActiveCfg = Debug|Any CPU
		{E11C4BBD-F444-4B54-A283-CA14F86C7394}.Debug|.NET.Build.0 = Debug|Any CPU
		{E11C4BBD-F444-4B54-A283-CA14F86C7394}.Debug|Any CPU.ActiveCfg = Debug|Any CPU
		{E11C4BBD-F444-4B54-A283-CA14F86C7394}.Debug|Any CPU.Build.0 = Debug|Any CPU
		{E11C4BBD-F444-4B54-A283-CA14F86C7394}.Debug|Mixed Platforms.ActiveCfg = Debug|Any CPU
		{E11C4BBD-F444-4B54-A283-CA14F86C7394}.Debug|Mixed Platforms.Build.0 = Debug|Any CPU
		{E11C4BBD-F444-4B54-A283-CA14F86C7394}.Debug|Win32.ActiveCfg = Debug|Any CPU
		{E11C4BBD-F444-4B54-A283-CA14F86C7394}.Debug|Win32.Build.0 = Debug|Any CPU
		{E11C4BBD-F444-4B54-A283-CA14F86C7394}.Debug|x64.ActiveCfg = Debug|Any CPU
		{E11C4BBD-F444-4B54-A283-CA14F86C7394}.Debug|x64.Build.0 = Debug|Any CPU
		{E11C4BBD-F444-4B54-A283-CA14F86C7394}.Debug|x86.ActiveCfg = Debug|Any CPU
		{E11C4BBD-F444-4B54-A283-CA14F86C7394}.Debug|x86.Build.0 = Debug|Any CPU
		{E11C4BBD-F444-4B54-A283-CA14F86C7394}.dtSearch Internal Debug|.NET.ActiveCfg = Debug|Any CPU
		{E11C4BBD-F444-4B54-A283-CA14F86C7394}.dtSearch Internal Debug|.NET.Build.0 = Debug|Any CPU
		{E11C4BBD-F444-4B54-A283-CA14F86C7394}.dtSearch Internal Debug|Any CPU.ActiveCfg = Debug|Any CPU
		{E11C4BBD-F444-4B54-A283-CA14F86C7394}.dtSearch Internal Debug|Any CPU.Build.0 = Debug|Any CPU
		{E11C4BBD-F444-4B54-A283-CA14F86C7394}.dtSearch Internal Debug|Mixed Platforms.ActiveCfg = Debug|Any CPU
		{E11C4BBD-F444-4B54-A283-CA14F86C7394}.dtSearch Internal Debug|Mixed Platforms.Build.0 = Debug|Any CPU
		{E11C4BBD-F444-4B54-A283-CA14F86C7394}.dtSearch Internal Debug|Win32.ActiveCfg = Debug|Any CPU
		{E11C4BBD-F444-4B54-A283-CA14F86C7394}.dtSearch Internal Debug|Win32.Build.0 = Debug|Any CPU
		{E11C4BBD-F444-4B54-A283-CA14F86C7394}.dtSearch Internal Debug|x64.ActiveCfg = Debug|Any CPU
		{E11C4BBD-F444-4B54-A283-CA14F86C7394}.dtSearch Internal Debug|x64.Build.0 = Debug|Any CPU
		{E11C4BBD-F444-4B54-A283-CA14F86C7394}.dtSearch Internal Debug|x86.ActiveCfg = Debug|Any CPU
		{E11C4BBD-F444-4B54-A283-CA14F86C7394}.dtSearch Internal Debug|x86.Build.0 = Debug|Any CPU
		{E11C4BBD-F444-4B54-A283-CA14F86C7394}.Release|.NET.ActiveCfg = Release|Any CPU
		{E11C4BBD-F444-4B54-A283-CA14F86C7394}.Release|.NET.Build.0 = Release|Any CPU
		{E11C4BBD-F444-4B54-A283-CA14F86C7394}.Release|Any CPU.ActiveCfg = Release|Any CPU
		{E11C4BBD-F444-4B54-A283-CA14F86C7394}.Release|Any CPU.Build.0 = Release|Any CPU
		{E11C4BBD-F444-4B54-A283-CA14F86C7394}.Release|Mixed Platforms.ActiveCfg = Release|Any CPU
		{E11C4BBD-F444-4B54-A283-CA14F86C7394}.Release|Mixed Platforms.Build.0 = Release|Any CPU
		{E11C4BBD-F444-4B54-A283-CA14F86C7394}.Release|Win32.ActiveCfg = Release|Any CPU
		{E11C4BBD-F444-4B54-A283-CA14F86C7394}.Release|Win32.Build.0 = Release|Any CPU
		{E11C4BBD-F444-4B54-A283-CA14F86C7394}.Release|x64.ActiveCfg = Release|Any CPU
		{E11C4BBD-F444-4B54-A283-CA14F86C7394}.Release|x64.Build.0 = Release|Any CPU
		{E11C4BBD-F444-4B54-A283-CA14F86C7394}.Release|x86.ActiveCfg = Release|Any CPU
		{E11C4BBD-F444-4B54-A283-CA14F86C7394}.Release|x86.Build.0 = Release|Any CPU
		{8F3F388C-10F5-45D4-9F4C-471236DC14C0}.Beta|.NET.ActiveCfg = Release|Any CPU
		{8F3F388C-10F5-45D4-9F4C-471236DC14C0}.Beta|.NET.Build.0 = Release|Any CPU
		{8F3F388C-10F5-45D4-9F4C-471236DC14C0}.Beta|Any CPU.ActiveCfg = Release|Any CPU
		{8F3F388C-10F5-45D4-9F4C-471236DC14C0}.Beta|Any CPU.Build.0 = Release|Any CPU
		{8F3F388C-10F5-45D4-9F4C-471236DC14C0}.Beta|Mixed Platforms.ActiveCfg = Release|Any CPU
		{8F3F388C-10F5-45D4-9F4C-471236DC14C0}.Beta|Mixed Platforms.Build.0 = Release|Any CPU
		{8F3F388C-10F5-45D4-9F4C-471236DC14C0}.Beta|Win32.ActiveCfg = Release|Any CPU
		{8F3F388C-10F5-45D4-9F4C-471236DC14C0}.Beta|Win32.Build.0 = Release|Any CPU
		{8F3F388C-10F5-45D4-9F4C-471236DC14C0}.Beta|x64.ActiveCfg = Release|Any CPU
		{8F3F388C-10F5-45D4-9F4C-471236DC14C0}.Beta|x64.Build.0 = Release|Any CPU
		{8F3F388C-10F5-45D4-9F4C-471236DC14C0}.Beta|x86.ActiveCfg = Release|Any CPU
		{8F3F388C-10F5-45D4-9F4C-471236DC14C0}.Beta|x86.Build.0 = Release|Any CPU
		{8F3F388C-10F5-45D4-9F4C-471236DC14C0}.Debug|.NET.ActiveCfg = Debug|Any CPU
		{8F3F388C-10F5-45D4-9F4C-471236DC14C0}.Debug|.NET.Build.0 = Debug|Any CPU
		{8F3F388C-10F5-45D4-9F4C-471236DC14C0}.Debug|Any CPU.ActiveCfg = Debug|Any CPU
		{8F3F388C-10F5-45D4-9F4C-471236DC14C0}.Debug|Any CPU.Build.0 = Debug|Any CPU
		{8F3F388C-10F5-45D4-9F4C-471236DC14C0}.Debug|Mixed Platforms.ActiveCfg = Debug|Any CPU
		{8F3F388C-10F5-45D4-9F4C-471236DC14C0}.Debug|Mixed Platforms.Build.0 = Debug|Any CPU
		{8F3F388C-10F5-45D4-9F4C-471236DC14C0}.Debug|Win32.ActiveCfg = Debug|Any CPU
		{8F3F388C-10F5-45D4-9F4C-471236DC14C0}.Debug|Win32.Build.0 = Debug|Any CPU
		{8F3F388C-10F5-45D4-9F4C-471236DC14C0}.Debug|x64.ActiveCfg = Debug|Any CPU
		{8F3F388C-10F5-45D4-9F4C-471236DC14C0}.Debug|x64.Build.0 = Debug|Any CPU
		{8F3F388C-10F5-45D4-9F4C-471236DC14C0}.Debug|x86.ActiveCfg = Debug|Any CPU
		{8F3F388C-10F5-45D4-9F4C-471236DC14C0}.Debug|x86.Build.0 = Debug|Any CPU
		{8F3F388C-10F5-45D4-9F4C-471236DC14C0}.dtSearch Internal Debug|.NET.ActiveCfg = Debug|Any CPU
		{8F3F388C-10F5-45D4-9F4C-471236DC14C0}.dtSearch Internal Debug|.NET.Build.0 = Debug|Any CPU
		{8F3F388C-10F5-45D4-9F4C-471236DC14C0}.dtSearch Internal Debug|Any CPU.ActiveCfg = Debug|Any CPU
		{8F3F388C-10F5-45D4-9F4C-471236DC14C0}.dtSearch Internal Debug|Any CPU.Build.0 = Debug|Any CPU
		{8F3F388C-10F5-45D4-9F4C-471236DC14C0}.dtSearch Internal Debug|Mixed Platforms.ActiveCfg = Debug|Any CPU
		{8F3F388C-10F5-45D4-9F4C-471236DC14C0}.dtSearch Internal Debug|Mixed Platforms.Build.0 = Debug|Any CPU
		{8F3F388C-10F5-45D4-9F4C-471236DC14C0}.dtSearch Internal Debug|Win32.ActiveCfg = Debug|Any CPU
		{8F3F388C-10F5-45D4-9F4C-471236DC14C0}.dtSearch Internal Debug|Win32.Build.0 = Debug|Any CPU
		{8F3F388C-10F5-45D4-9F4C-471236DC14C0}.dtSearch Internal Debug|x64.ActiveCfg = Debug|Any CPU
		{8F3F388C-10F5-45D4-9F4C-471236DC14C0}.dtSearch Internal Debug|x64.Build.0 = Debug|Any CPU
		{8F3F388C-10F5-45D4-9F4C-471236DC14C0}.dtSearch Internal Debug|x86.ActiveCfg = Debug|Any CPU
		{8F3F388C-10F5-45D4-9F4C-471236DC14C0}.dtSearch Internal Debug|x86.Build.0 = Debug|Any CPU
		{8F3F388C-10F5-45D4-9F4C-471236DC14C0}.Release|.NET.ActiveCfg = Release|Any CPU
		{8F3F388C-10F5-45D4-9F4C-471236DC14C0}.Release|.NET.Build.0 = Release|Any CPU
		{8F3F388C-10F5-45D4-9F4C-471236DC14C0}.Release|Any CPU.ActiveCfg = Release|Any CPU
		{8F3F388C-10F5-45D4-9F4C-471236DC14C0}.Release|Any CPU.Build.0 = Release|Any CPU
		{8F3F388C-10F5-45D4-9F4C-471236DC14C0}.Release|Mixed Platforms.ActiveCfg = Release|Any CPU
		{8F3F388C-10F5-45D4-9F4C-471236DC14C0}.Release|Mixed Platforms.Build.0 = Release|Any CPU
		{8F3F388C-10F5-45D4-9F4C-471236DC14C0}.Release|Win32.ActiveCfg = Release|Any CPU
		{8F3F388C-10F5-45D4-9F4C-471236DC14C0}.Release|Win32.Build.0 = Release|Any CPU
		{8F3F388C-10F5-45D4-9F4C-471236DC14C0}.Release|x64.ActiveCfg = Release|Any CPU
		{8F3F388C-10F5-45D4-9F4C-471236DC14C0}.Release|x64.Build.0 = Release|Any CPU
		{8F3F388C-10F5-45D4-9F4C-471236DC14C0}.Release|x86.ActiveCfg = Release|Any CPU
		{8F3F388C-10F5-45D4-9F4C-471236DC14C0}.Release|x86.Build.0 = Release|Any CPU
		{EA4D4D19-DBFA-45CA-BB1E-6BB676BD6F0F}.Beta|.NET.ActiveCfg = Release|Any CPU
		{EA4D4D19-DBFA-45CA-BB1E-6BB676BD6F0F}.Beta|.NET.Build.0 = Release|Any CPU
		{EA4D4D19-DBFA-45CA-BB1E-6BB676BD6F0F}.Beta|Any CPU.ActiveCfg = Release|Any CPU
		{EA4D4D19-DBFA-45CA-BB1E-6BB676BD6F0F}.Beta|Any CPU.Build.0 = Release|Any CPU
		{EA4D4D19-DBFA-45CA-BB1E-6BB676BD6F0F}.Beta|Mixed Platforms.ActiveCfg = Release|Any CPU
		{EA4D4D19-DBFA-45CA-BB1E-6BB676BD6F0F}.Beta|Mixed Platforms.Build.0 = Release|Any CPU
		{EA4D4D19-DBFA-45CA-BB1E-6BB676BD6F0F}.Beta|Win32.ActiveCfg = Release|Any CPU
		{EA4D4D19-DBFA-45CA-BB1E-6BB676BD6F0F}.Beta|Win32.Build.0 = Release|Any CPU
		{EA4D4D19-DBFA-45CA-BB1E-6BB676BD6F0F}.Beta|x64.ActiveCfg = Release|Any CPU
		{EA4D4D19-DBFA-45CA-BB1E-6BB676BD6F0F}.Beta|x64.Build.0 = Release|Any CPU
		{EA4D4D19-DBFA-45CA-BB1E-6BB676BD6F0F}.Beta|x86.ActiveCfg = Release|Any CPU
		{EA4D4D19-DBFA-45CA-BB1E-6BB676BD6F0F}.Beta|x86.Build.0 = Release|Any CPU
		{EA4D4D19-DBFA-45CA-BB1E-6BB676BD6F0F}.Debug|.NET.ActiveCfg = Debug|Any CPU
		{EA4D4D19-DBFA-45CA-BB1E-6BB676BD6F0F}.Debug|.NET.Build.0 = Debug|Any CPU
		{EA4D4D19-DBFA-45CA-BB1E-6BB676BD6F0F}.Debug|Any CPU.ActiveCfg = Debug|Any CPU
		{EA4D4D19-DBFA-45CA-BB1E-6BB676BD6F0F}.Debug|Any CPU.Build.0 = Debug|Any CPU
		{EA4D4D19-DBFA-45CA-BB1E-6BB676BD6F0F}.Debug|Mixed Platforms.ActiveCfg = Debug|Any CPU
		{EA4D4D19-DBFA-45CA-BB1E-6BB676BD6F0F}.Debug|Mixed Platforms.Build.0 = Debug|Any CPU
		{EA4D4D19-DBFA-45CA-BB1E-6BB676BD6F0F}.Debug|Win32.ActiveCfg = Debug|Any CPU
		{EA4D4D19-DBFA-45CA-BB1E-6BB676BD6F0F}.Debug|Win32.Build.0 = Debug|Any CPU
		{EA4D4D19-DBFA-45CA-BB1E-6BB676BD6F0F}.Debug|x64.ActiveCfg = Debug|Any CPU
		{EA4D4D19-DBFA-45CA-BB1E-6BB676BD6F0F}.Debug|x64.Build.0 = Debug|Any CPU
		{EA4D4D19-DBFA-45CA-BB1E-6BB676BD6F0F}.Debug|x86.ActiveCfg = Debug|Any CPU
		{EA4D4D19-DBFA-45CA-BB1E-6BB676BD6F0F}.Debug|x86.Build.0 = Debug|Any CPU
		{EA4D4D19-DBFA-45CA-BB1E-6BB676BD6F0F}.dtSearch Internal Debug|.NET.ActiveCfg = Debug|Any CPU
		{EA4D4D19-DBFA-45CA-BB1E-6BB676BD6F0F}.dtSearch Internal Debug|.NET.Build.0 = Debug|Any CPU
		{EA4D4D19-DBFA-45CA-BB1E-6BB676BD6F0F}.dtSearch Internal Debug|Any CPU.ActiveCfg = Debug|Any CPU
		{EA4D4D19-DBFA-45CA-BB1E-6BB676BD6F0F}.dtSearch Internal Debug|Any CPU.Build.0 = Debug|Any CPU
		{EA4D4D19-DBFA-45CA-BB1E-6BB676BD6F0F}.dtSearch Internal Debug|Mixed Platforms.ActiveCfg = Debug|Any CPU
		{EA4D4D19-DBFA-45CA-BB1E-6BB676BD6F0F}.dtSearch Internal Debug|Mixed Platforms.Build.0 = Debug|Any CPU
		{EA4D4D19-DBFA-45CA-BB1E-6BB676BD6F0F}.dtSearch Internal Debug|Win32.ActiveCfg = Debug|Any CPU
		{EA4D4D19-DBFA-45CA-BB1E-6BB676BD6F0F}.dtSearch Internal Debug|Win32.Build.0 = Debug|Any CPU
		{EA4D4D19-DBFA-45CA-BB1E-6BB676BD6F0F}.dtSearch Internal Debug|x64.ActiveCfg = Debug|Any CPU
		{EA4D4D19-DBFA-45CA-BB1E-6BB676BD6F0F}.dtSearch Internal Debug|x64.Build.0 = Debug|Any CPU
		{EA4D4D19-DBFA-45CA-BB1E-6BB676BD6F0F}.dtSearch Internal Debug|x86.ActiveCfg = Debug|Any CPU
		{EA4D4D19-DBFA-45CA-BB1E-6BB676BD6F0F}.dtSearch Internal Debug|x86.Build.0 = Debug|Any CPU
		{EA4D4D19-DBFA-45CA-BB1E-6BB676BD6F0F}.Release|.NET.ActiveCfg = Release|Any CPU
		{EA4D4D19-DBFA-45CA-BB1E-6BB676BD6F0F}.Release|.NET.Build.0 = Release|Any CPU
		{EA4D4D19-DBFA-45CA-BB1E-6BB676BD6F0F}.Release|Any CPU.ActiveCfg = Release|Any CPU
		{EA4D4D19-DBFA-45CA-BB1E-6BB676BD6F0F}.Release|Any CPU.Build.0 = Release|Any CPU
		{EA4D4D19-DBFA-45CA-BB1E-6BB676BD6F0F}.Release|Mixed Platforms.ActiveCfg = Release|Any CPU
		{EA4D4D19-DBFA-45CA-BB1E-6BB676BD6F0F}.Release|Mixed Platforms.Build.0 = Release|Any CPU
		{EA4D4D19-DBFA-45CA-BB1E-6BB676BD6F0F}.Release|Win32.ActiveCfg = Release|Any CPU
		{EA4D4D19-DBFA-45CA-BB1E-6BB676BD6F0F}.Release|Win32.Build.0 = Release|Any CPU
		{EA4D4D19-DBFA-45CA-BB1E-6BB676BD6F0F}.Release|x64.ActiveCfg = Release|Any CPU
		{EA4D4D19-DBFA-45CA-BB1E-6BB676BD6F0F}.Release|x64.Build.0 = Release|Any CPU
		{EA4D4D19-DBFA-45CA-BB1E-6BB676BD6F0F}.Release|x86.ActiveCfg = Release|Any CPU
		{EA4D4D19-DBFA-45CA-BB1E-6BB676BD6F0F}.Release|x86.Build.0 = Release|Any CPU
	EndGlobalSection
	GlobalSection(SolutionProperties) = preSolution
		HideSolutionNode = FALSE
	EndGlobalSection
	GlobalSection(ExtensibilityGlobals) = postSolution
		SolutionGuid = {72AEA7CB-2B83-4DC6-9D36-15E1FBAE9AF7}
	EndGlobalSection
EndGlobal
