
Microsoft Visual Studio Solution File, Format Version 12.00
# Visual Studio 14
VisualStudioVersion = 14.0.24720.0
MinimumVisualStudioVersion = 10.0.40219.1
Project("{FAE04EC0-301F-11D3-BF4B-00C04F79EFBC}") = "TeamSupport.Data", "TeamSupport.Data\TeamSupport.Data.csproj", "{1943AC11-1F2D-4B85-9F0F-4D67284814BE}"
EndProject
Project("{FAE04EC0-301F-11D3-BF4B-00C04F79EFBC}") = "TeamSupport.Api", "TeamSupport.Api\TeamSupport.Api.csproj", "{CC4D311A-D6EA-4113-B648-537824E3B5D7}"
EndProject
Project("{FAE04EC0-301F-11D3-BF4B-00C04F79EFBC}") = "TeamSupport.Handlers", "TeamSupport.Handlers\TeamSupport.Handlers.csproj", "{7B8AA298-9F29-4CB1-979B-18CC31DF76B1}"
EndProject
Project("{E24C65DC-7377-472B-9ABA-BC803B73C61A}") = "WebApp", "http://localhost:58276", "{FE81BB07-5E84-4DBA-9A7A-76F47826EBB9}"
	ProjectSection(WebsiteProperties) = preProject
		UseIISExpress = "true"
		TargetFrameworkMoniker = ".NETFramework,Version%3Dv4.0"
		ProjectReferences = "{cc4d311a-d6ea-4113-b648-537824e3b5d7}|TeamSupport.Api.dll;{1943AC11-1F2D-4B85-9F0F-4D67284814BE}|TeamSupport.Data.dll;{7b8aa298-9f29-4cb1-979b-18cc31df76b1}|TeamSupport.Handlers.dll;{a5e5fc71-6b6f-4e57-9bf0-8602f7a707ea}|TeamSupport.JIRA.dll;{cc262e84-5002-4e7f-b078-7278e93f0c04}|TeamSupport.Messaging.dll;{7beb5c4f-414e-4660-904c-6407a3bc3acf}|TeamSupport.WebUtils.dll;"
		Debug.AspNetCompiler.VirtualPath = "/WebApp"
		Debug.AspNetCompiler.PhysicalPath = "WebApp\"
		Debug.AspNetCompiler.TargetPath = "PrecompiledWeb\WebApp\"
		Debug.AspNetCompiler.Updateable = "true"
		Debug.AspNetCompiler.ForceOverwrite = "true"
		Debug.AspNetCompiler.FixedNames = "false"
		Debug.AspNetCompiler.Debug = "True"
		Release.AspNetCompiler.VirtualPath = "/WebApp"
		Release.AspNetCompiler.PhysicalPath = "WebApp\"
		Release.AspNetCompiler.TargetPath = "PrecompiledWeb\WebApp\"
		Release.AspNetCompiler.Updateable = "true"
		Release.AspNetCompiler.ForceOverwrite = "true"
		Release.AspNetCompiler.FixedNames = "false"
		Release.AspNetCompiler.Debug = "False"
		SlnRelativePath = "WebApp\"
	EndProjectSection
EndProject
Project("{2150E333-8FDC-42A3-9474-1A3956D46DE8}") = ".nuget", ".nuget", "{833DA5CD-B005-4E9A-8D9A-74E9698FDA0B}"
	ProjectSection(SolutionItems) = preProject
		.nuget\NuGet.Config = .nuget\NuGet.Config
		.nuget\NuGet.exe = .nuget\NuGet.exe
		.nuget\NuGet.targets = .nuget\NuGet.targets
		.nuget\packages.config = .nuget\packages.config
	EndProjectSection
EndProject
Project("{FAE04EC0-301F-11D3-BF4B-00C04F79EFBC}") = "TeamSupport.WebUtils", "TeamSupport.WebUtils\TeamSupport.WebUtils.csproj", "{7BEB5C4F-414E-4660-904C-6407A3BC3ACF}"
EndProject
Project("{FAE04EC0-301F-11D3-BF4B-00C04F79EFBC}") = "TeamSupport.JIRA", "TeamSupport.JIRA\TeamSupport.JIRA.csproj", "{A5E5FC71-6B6F-4E57-9BF0-8602F7A707EA}"
EndProject
Project("{E24C65DC-7377-472B-9ABA-BC803B73C61A}") = "TeamSupport.Signalr", "http://localhost:35835", "{CD5DC70F-3D0B-45A3-8CD6-0BE6439C9D7F}"
	ProjectSection(WebsiteProperties) = preProject
		UseIISExpress = "true"
		TargetFrameworkMoniker = ".NETFramework,Version%3Dv4.5.1"
		ProjectReferences = "{1943ac11-1f2d-4b85-9f0f-4d67284814be}|TeamSupport.Data.dll;"
		Debug.AspNetCompiler.VirtualPath = "/localhost_35835"
		Debug.AspNetCompiler.PhysicalPath = "TeamSupport.Signalr\"
		Debug.AspNetCompiler.TargetPath = "PrecompiledWeb\localhost_35835\"
		Debug.AspNetCompiler.Updateable = "true"
		Debug.AspNetCompiler.ForceOverwrite = "true"
		Debug.AspNetCompiler.FixedNames = "false"
		Debug.AspNetCompiler.Debug = "True"
		Release.AspNetCompiler.VirtualPath = "/localhost_35835"
		Release.AspNetCompiler.PhysicalPath = "TeamSupport.Signalr\"
		Release.AspNetCompiler.TargetPath = "PrecompiledWeb\localhost_35835\"
		Release.AspNetCompiler.Updateable = "true"
		Release.AspNetCompiler.ForceOverwrite = "true"
		Release.AspNetCompiler.FixedNames = "false"
		Release.AspNetCompiler.Debug = "False"
		SlnRelativePath = "TeamSupport.Signalr\"
	EndProjectSection
EndProject
Project("{FAE04EC0-301F-11D3-BF4B-00C04F79EFBC}") = "TeamSupport.Messaging", "TeamSupport.Messaging\TeamSupport.Messaging.csproj", "{CC262E84-5002-4E7F-B078-7278E93F0C04}"
EndProject
Global
	GlobalSection(SolutionConfigurationPlatforms) = preSolution
		Debug|.NET = Debug|.NET
		Debug|Any CPU = Debug|Any CPU
		Debug|Mixed Platforms = Debug|Mixed Platforms
		Debug|Win32 = Debug|Win32
		Debug|x64 = Debug|x64
		Debug|x86 = Debug|x86
		dtSearch Internal Debug|.NET = dtSearch Internal Debug|.NET
		dtSearch Internal Debug|Any CPU = dtSearch Internal Debug|Any CPU
		dtSearch Internal Debug|Mixed Platforms = dtSearch Internal Debug|Mixed Platforms
		dtSearch Internal Debug|Win32 = dtSearch Internal Debug|Win32
		dtSearch Internal Debug|x64 = dtSearch Internal Debug|x64
		dtSearch Internal Debug|x86 = dtSearch Internal Debug|x86
		Release|.NET = Release|.NET
		Release|Any CPU = Release|Any CPU
		Release|Mixed Platforms = Release|Mixed Platforms
		Release|Win32 = Release|Win32
		Release|x64 = Release|x64
		Release|x86 = Release|x86
	EndGlobalSection
	GlobalSection(ProjectConfigurationPlatforms) = postSolution
		{1943AC11-1F2D-4B85-9F0F-4D67284814BE}.Debug|.NET.ActiveCfg = Debug|Any CPU
		{1943AC11-1F2D-4B85-9F0F-4D67284814BE}.Debug|Any CPU.ActiveCfg = Debug|Any CPU
		{1943AC11-1F2D-4B85-9F0F-4D67284814BE}.Debug|Any CPU.Build.0 = Debug|Any CPU
		{1943AC11-1F2D-4B85-9F0F-4D67284814BE}.Debug|Mixed Platforms.ActiveCfg = Debug|Any CPU
		{1943AC11-1F2D-4B85-9F0F-4D67284814BE}.Debug|Mixed Platforms.Build.0 = Debug|Any CPU
		{1943AC11-1F2D-4B85-9F0F-4D67284814BE}.Debug|Win32.ActiveCfg = Debug|x86
		{1943AC11-1F2D-4B85-9F0F-4D67284814BE}.Debug|x64.ActiveCfg = Debug|x64
		{1943AC11-1F2D-4B85-9F0F-4D67284814BE}.Debug|x64.Build.0 = Debug|x64
		{1943AC11-1F2D-4B85-9F0F-4D67284814BE}.Debug|x86.ActiveCfg = Debug|x86
		{1943AC11-1F2D-4B85-9F0F-4D67284814BE}.Debug|x86.Build.0 = Debug|x86
		{1943AC11-1F2D-4B85-9F0F-4D67284814BE}.dtSearch Internal Debug|.NET.ActiveCfg = Debug|x86
		{1943AC11-1F2D-4B85-9F0F-4D67284814BE}.dtSearch Internal Debug|Any CPU.ActiveCfg = Debug|Any CPU
		{1943AC11-1F2D-4B85-9F0F-4D67284814BE}.dtSearch Internal Debug|Any CPU.Build.0 = Debug|Any CPU
		{1943AC11-1F2D-4B85-9F0F-4D67284814BE}.dtSearch Internal Debug|Mixed Platforms.ActiveCfg = Debug|x86
		{1943AC11-1F2D-4B85-9F0F-4D67284814BE}.dtSearch Internal Debug|Mixed Platforms.Build.0 = Debug|x86
		{1943AC11-1F2D-4B85-9F0F-4D67284814BE}.dtSearch Internal Debug|Win32.ActiveCfg = Debug|x86
		{1943AC11-1F2D-4B85-9F0F-4D67284814BE}.dtSearch Internal Debug|x64.ActiveCfg = Debug|x64
		{1943AC11-1F2D-4B85-9F0F-4D67284814BE}.dtSearch Internal Debug|x64.Build.0 = Debug|x64
		{1943AC11-1F2D-4B85-9F0F-4D67284814BE}.dtSearch Internal Debug|x86.ActiveCfg = Debug|x86
		{1943AC11-1F2D-4B85-9F0F-4D67284814BE}.dtSearch Internal Debug|x86.Build.0 = Debug|x86
		{1943AC11-1F2D-4B85-9F0F-4D67284814BE}.Release|.NET.ActiveCfg = Release|Any CPU
		{1943AC11-1F2D-4B85-9F0F-4D67284814BE}.Release|Any CPU.ActiveCfg = Release|Any CPU
		{1943AC11-1F2D-4B85-9F0F-4D67284814BE}.Release|Any CPU.Build.0 = Release|Any CPU
		{1943AC11-1F2D-4B85-9F0F-4D67284814BE}.Release|Mixed Platforms.ActiveCfg = Release|Any CPU
		{1943AC11-1F2D-4B85-9F0F-4D67284814BE}.Release|Mixed Platforms.Build.0 = Release|Any CPU
		{1943AC11-1F2D-4B85-9F0F-4D67284814BE}.Release|Win32.ActiveCfg = Release|x86
		{1943AC11-1F2D-4B85-9F0F-4D67284814BE}.Release|x64.ActiveCfg = Release|x64
		{1943AC11-1F2D-4B85-9F0F-4D67284814BE}.Release|x64.Build.0 = Release|x64
		{1943AC11-1F2D-4B85-9F0F-4D67284814BE}.Release|x86.ActiveCfg = Release|x86
		{1943AC11-1F2D-4B85-9F0F-4D67284814BE}.Release|x86.Build.0 = Release|x86
		{CC4D311A-D6EA-4113-B648-537824E3B5D7}.Debug|.NET.ActiveCfg = Debug|Any CPU
		{CC4D311A-D6EA-4113-B648-537824E3B5D7}.Debug|Any CPU.ActiveCfg = Debug|Any CPU
		{CC4D311A-D6EA-4113-B648-537824E3B5D7}.Debug|Any CPU.Build.0 = Debug|Any CPU
		{CC4D311A-D6EA-4113-B648-537824E3B5D7}.Debug|Mixed Platforms.ActiveCfg = Debug|Any CPU
		{CC4D311A-D6EA-4113-B648-537824E3B5D7}.Debug|Mixed Platforms.Build.0 = Debug|Any CPU
		{CC4D311A-D6EA-4113-B648-537824E3B5D7}.Debug|Win32.ActiveCfg = Debug|x86
		{CC4D311A-D6EA-4113-B648-537824E3B5D7}.Debug|x64.ActiveCfg = Debug|x64
		{CC4D311A-D6EA-4113-B648-537824E3B5D7}.Debug|x64.Build.0 = Debug|x64
		{CC4D311A-D6EA-4113-B648-537824E3B5D7}.Debug|x86.ActiveCfg = Debug|x86
		{CC4D311A-D6EA-4113-B648-537824E3B5D7}.Debug|x86.Build.0 = Debug|x86
		{CC4D311A-D6EA-4113-B648-537824E3B5D7}.dtSearch Internal Debug|.NET.ActiveCfg = Debug|x86
		{CC4D311A-D6EA-4113-B648-537824E3B5D7}.dtSearch Internal Debug|Any CPU.ActiveCfg = Debug|Any CPU
		{CC4D311A-D6EA-4113-B648-537824E3B5D7}.dtSearch Internal Debug|Any CPU.Build.0 = Debug|Any CPU
		{CC4D311A-D6EA-4113-B648-537824E3B5D7}.dtSearch Internal Debug|Mixed Platforms.ActiveCfg = Debug|x86
		{CC4D311A-D6EA-4113-B648-537824E3B5D7}.dtSearch Internal Debug|Mixed Platforms.Build.0 = Debug|x86
		{CC4D311A-D6EA-4113-B648-537824E3B5D7}.dtSearch Internal Debug|Win32.ActiveCfg = Debug|x86
		{CC4D311A-D6EA-4113-B648-537824E3B5D7}.dtSearch Internal Debug|x64.ActiveCfg = Debug|x64
		{CC4D311A-D6EA-4113-B648-537824E3B5D7}.dtSearch Internal Debug|x64.Build.0 = Debug|x64
		{CC4D311A-D6EA-4113-B648-537824E3B5D7}.dtSearch Internal Debug|x86.ActiveCfg = Debug|x86
		{CC4D311A-D6EA-4113-B648-537824E3B5D7}.dtSearch Internal Debug|x86.Build.0 = Debug|x86
		{CC4D311A-D6EA-4113-B648-537824E3B5D7}.Release|.NET.ActiveCfg = Release|Any CPU
		{CC4D311A-D6EA-4113-B648-537824E3B5D7}.Release|Any CPU.ActiveCfg = Release|Any CPU
		{CC4D311A-D6EA-4113-B648-537824E3B5D7}.Release|Any CPU.Build.0 = Release|Any CPU
		{CC4D311A-D6EA-4113-B648-537824E3B5D7}.Release|Mixed Platforms.ActiveCfg = Release|Any CPU
		{CC4D311A-D6EA-4113-B648-537824E3B5D7}.Release|Mixed Platforms.Build.0 = Release|Any CPU
		{CC4D311A-D6EA-4113-B648-537824E3B5D7}.Release|Win32.ActiveCfg = Release|x86
		{CC4D311A-D6EA-4113-B648-537824E3B5D7}.Release|x64.ActiveCfg = Release|x64
		{CC4D311A-D6EA-4113-B648-537824E3B5D7}.Release|x64.Build.0 = Release|x64
		{CC4D311A-D6EA-4113-B648-537824E3B5D7}.Release|x86.ActiveCfg = Release|x86
		{CC4D311A-D6EA-4113-B648-537824E3B5D7}.Release|x86.Build.0 = Release|x86
		{7B8AA298-9F29-4CB1-979B-18CC31DF76B1}.Debug|.NET.ActiveCfg = Debug|Any CPU
		{7B8AA298-9F29-4CB1-979B-18CC31DF76B1}.Debug|Any CPU.ActiveCfg = Debug|Any CPU
		{7B8AA298-9F29-4CB1-979B-18CC31DF76B1}.Debug|Any CPU.Build.0 = Debug|Any CPU
		{7B8AA298-9F29-4CB1-979B-18CC31DF76B1}.Debug|Mixed Platforms.ActiveCfg = Debug|Any CPU
		{7B8AA298-9F29-4CB1-979B-18CC31DF76B1}.Debug|Mixed Platforms.Build.0 = Debug|Any CPU
		{7B8AA298-9F29-4CB1-979B-18CC31DF76B1}.Debug|Win32.ActiveCfg = Debug|x86
		{7B8AA298-9F29-4CB1-979B-18CC31DF76B1}.Debug|x64.ActiveCfg = Debug|x64
		{7B8AA298-9F29-4CB1-979B-18CC31DF76B1}.Debug|x64.Build.0 = Debug|x64
		{7B8AA298-9F29-4CB1-979B-18CC31DF76B1}.Debug|x86.ActiveCfg = Debug|x86
		{7B8AA298-9F29-4CB1-979B-18CC31DF76B1}.Debug|x86.Build.0 = Debug|x86
		{7B8AA298-9F29-4CB1-979B-18CC31DF76B1}.dtSearch Internal Debug|.NET.ActiveCfg = Debug|x86
		{7B8AA298-9F29-4CB1-979B-18CC31DF76B1}.dtSearch Internal Debug|Any CPU.ActiveCfg = Debug|Any CPU
		{7B8AA298-9F29-4CB1-979B-18CC31DF76B1}.dtSearch Internal Debug|Any CPU.Build.0 = Debug|Any CPU
		{7B8AA298-9F29-4CB1-979B-18CC31DF76B1}.dtSearch Internal Debug|Mixed Platforms.ActiveCfg = Debug|x86
		{7B8AA298-9F29-4CB1-979B-18CC31DF76B1}.dtSearch Internal Debug|Mixed Platforms.Build.0 = Debug|x86
		{7B8AA298-9F29-4CB1-979B-18CC31DF76B1}.dtSearch Internal Debug|Win32.ActiveCfg = Debug|x86
		{7B8AA298-9F29-4CB1-979B-18CC31DF76B1}.dtSearch Internal Debug|x64.ActiveCfg = Debug|x64
		{7B8AA298-9F29-4CB1-979B-18CC31DF76B1}.dtSearch Internal Debug|x64.Build.0 = Debug|x64
		{7B8AA298-9F29-4CB1-979B-18CC31DF76B1}.dtSearch Internal Debug|x86.ActiveCfg = Debug|x86
		{7B8AA298-9F29-4CB1-979B-18CC31DF76B1}.dtSearch Internal Debug|x86.Build.0 = Debug|x86
		{7B8AA298-9F29-4CB1-979B-18CC31DF76B1}.Release|.NET.ActiveCfg = Release|Any CPU
		{7B8AA298-9F29-4CB1-979B-18CC31DF76B1}.Release|Any CPU.ActiveCfg = Release|Any CPU
		{7B8AA298-9F29-4CB1-979B-18CC31DF76B1}.Release|Any CPU.Build.0 = Release|Any CPU
		{7B8AA298-9F29-4CB1-979B-18CC31DF76B1}.Release|Mixed Platforms.ActiveCfg = Release|Any CPU
		{7B8AA298-9F29-4CB1-979B-18CC31DF76B1}.Release|Mixed Platforms.Build.0 = Release|Any CPU
		{7B8AA298-9F29-4CB1-979B-18CC31DF76B1}.Release|Win32.ActiveCfg = Release|x86
		{7B8AA298-9F29-4CB1-979B-18CC31DF76B1}.Release|x64.ActiveCfg = Release|x64
		{7B8AA298-9F29-4CB1-979B-18CC31DF76B1}.Release|x64.Build.0 = Release|x64
		{7B8AA298-9F29-4CB1-979B-18CC31DF76B1}.Release|x86.ActiveCfg = Release|x86
		{7B8AA298-9F29-4CB1-979B-18CC31DF76B1}.Release|x86.Build.0 = Release|x86
		{FE81BB07-5E84-4DBA-9A7A-76F47826EBB9}.Debug|.NET.ActiveCfg = Debug|Any CPU
		{FE81BB07-5E84-4DBA-9A7A-76F47826EBB9}.Debug|Any CPU.ActiveCfg = Debug|Any CPU
		{FE81BB07-5E84-4DBA-9A7A-76F47826EBB9}.Debug|Any CPU.Build.0 = Debug|Any CPU
		{FE81BB07-5E84-4DBA-9A7A-76F47826EBB9}.Debug|Mixed Platforms.ActiveCfg = Debug|Any CPU
		{FE81BB07-5E84-4DBA-9A7A-76F47826EBB9}.Debug|Mixed Platforms.Build.0 = Debug|Any CPU
		{FE81BB07-5E84-4DBA-9A7A-76F47826EBB9}.Debug|Win32.ActiveCfg = Debug|Any CPU
		{FE81BB07-5E84-4DBA-9A7A-76F47826EBB9}.Debug|x64.ActiveCfg = Debug|Any CPU
		{FE81BB07-5E84-4DBA-9A7A-76F47826EBB9}.Debug|x64.Build.0 = Debug|Any CPU
		{FE81BB07-5E84-4DBA-9A7A-76F47826EBB9}.Debug|x86.ActiveCfg = Debug|Any CPU
		{FE81BB07-5E84-4DBA-9A7A-76F47826EBB9}.Debug|x86.Build.0 = Debug|Any CPU
		{FE81BB07-5E84-4DBA-9A7A-76F47826EBB9}.dtSearch Internal Debug|.NET.ActiveCfg = Debug|Any CPU
		{FE81BB07-5E84-4DBA-9A7A-76F47826EBB9}.dtSearch Internal Debug|Any CPU.ActiveCfg = Debug|Any CPU
		{FE81BB07-5E84-4DBA-9A7A-76F47826EBB9}.dtSearch Internal Debug|Any CPU.Build.0 = Debug|Any CPU
		{FE81BB07-5E84-4DBA-9A7A-76F47826EBB9}.dtSearch Internal Debug|Mixed Platforms.ActiveCfg = Debug|Any CPU
		{FE81BB07-5E84-4DBA-9A7A-76F47826EBB9}.dtSearch Internal Debug|Mixed Platforms.Build.0 = Debug|Any CPU
		{FE81BB07-5E84-4DBA-9A7A-76F47826EBB9}.dtSearch Internal Debug|Win32.ActiveCfg = Debug|Any CPU
		{FE81BB07-5E84-4DBA-9A7A-76F47826EBB9}.dtSearch Internal Debug|x64.ActiveCfg = Debug|Any CPU
		{FE81BB07-5E84-4DBA-9A7A-76F47826EBB9}.dtSearch Internal Debug|x86.ActiveCfg = Debug|Any CPU
		{FE81BB07-5E84-4DBA-9A7A-76F47826EBB9}.Release|.NET.ActiveCfg = Debug|Any CPU
		{FE81BB07-5E84-4DBA-9A7A-76F47826EBB9}.Release|Any CPU.ActiveCfg = Debug|Any CPU
		{FE81BB07-5E84-4DBA-9A7A-76F47826EBB9}.Release|Any CPU.Build.0 = Debug|Any CPU
		{FE81BB07-5E84-4DBA-9A7A-76F47826EBB9}.Release|Mixed Platforms.ActiveCfg = Debug|Any CPU
		{FE81BB07-5E84-4DBA-9A7A-76F47826EBB9}.Release|Mixed Platforms.Build.0 = Debug|Any CPU
		{FE81BB07-5E84-4DBA-9A7A-76F47826EBB9}.Release|Win32.ActiveCfg = Debug|Any CPU
		{FE81BB07-5E84-4DBA-9A7A-76F47826EBB9}.Release|x64.ActiveCfg = Debug|Any CPU
		{FE81BB07-5E84-4DBA-9A7A-76F47826EBB9}.Release|x86.ActiveCfg = Debug|Any CPU
		{7BEB5C4F-414E-4660-904C-6407A3BC3ACF}.Debug|.NET.ActiveCfg = Debug|x86
		{7BEB5C4F-414E-4660-904C-6407A3BC3ACF}.Debug|Any CPU.ActiveCfg = Debug|Any CPU
		{7BEB5C4F-414E-4660-904C-6407A3BC3ACF}.Debug|Any CPU.Build.0 = Debug|Any CPU
		{7BEB5C4F-414E-4660-904C-6407A3BC3ACF}.Debug|Mixed Platforms.ActiveCfg = Debug|Any CPU
		{7BEB5C4F-414E-4660-904C-6407A3BC3ACF}.Debug|Mixed Platforms.Build.0 = Debug|Any CPU
		{7BEB5C4F-414E-4660-904C-6407A3BC3ACF}.Debug|Win32.ActiveCfg = Debug|x86
		{7BEB5C4F-414E-4660-904C-6407A3BC3ACF}.Debug|x64.ActiveCfg = Debug|x64
		{7BEB5C4F-414E-4660-904C-6407A3BC3ACF}.Debug|x64.Build.0 = Debug|x64
		{7BEB5C4F-414E-4660-904C-6407A3BC3ACF}.Debug|x86.ActiveCfg = Debug|x86
		{7BEB5C4F-414E-4660-904C-6407A3BC3ACF}.Debug|x86.Build.0 = Debug|x86
		{7BEB5C4F-414E-4660-904C-6407A3BC3ACF}.dtSearch Internal Debug|.NET.ActiveCfg = Debug|x86
		{7BEB5C4F-414E-4660-904C-6407A3BC3ACF}.dtSearch Internal Debug|Any CPU.ActiveCfg = Debug|Any CPU
		{7BEB5C4F-414E-4660-904C-6407A3BC3ACF}.dtSearch Internal Debug|Any CPU.Build.0 = Debug|Any CPU
		{7BEB5C4F-414E-4660-904C-6407A3BC3ACF}.dtSearch Internal Debug|Mixed Platforms.ActiveCfg = Debug|x86
		{7BEB5C4F-414E-4660-904C-6407A3BC3ACF}.dtSearch Internal Debug|Mixed Platforms.Build.0 = Debug|x86
		{7BEB5C4F-414E-4660-904C-6407A3BC3ACF}.dtSearch Internal Debug|Win32.ActiveCfg = Debug|x86
		{7BEB5C4F-414E-4660-904C-6407A3BC3ACF}.dtSearch Internal Debug|x64.ActiveCfg = Debug|x64
		{7BEB5C4F-414E-4660-904C-6407A3BC3ACF}.dtSearch Internal Debug|x64.Build.0 = Debug|x64
		{7BEB5C4F-414E-4660-904C-6407A3BC3ACF}.dtSearch Internal Debug|x86.ActiveCfg = Debug|x86
		{7BEB5C4F-414E-4660-904C-6407A3BC3ACF}.dtSearch Internal Debug|x86.Build.0 = Debug|x86
		{7BEB5C4F-414E-4660-904C-6407A3BC3ACF}.Release|.NET.ActiveCfg = Release|x86
		{7BEB5C4F-414E-4660-904C-6407A3BC3ACF}.Release|Any CPU.ActiveCfg = Release|Any CPU
		{7BEB5C4F-414E-4660-904C-6407A3BC3ACF}.Release|Any CPU.Build.0 = Release|Any CPU
		{7BEB5C4F-414E-4660-904C-6407A3BC3ACF}.Release|Mixed Platforms.ActiveCfg = Release|x86
		{7BEB5C4F-414E-4660-904C-6407A3BC3ACF}.Release|Mixed Platforms.Build.0 = Release|x86
		{7BEB5C4F-414E-4660-904C-6407A3BC3ACF}.Release|Win32.ActiveCfg = Release|x86
		{7BEB5C4F-414E-4660-904C-6407A3BC3ACF}.Release|x64.ActiveCfg = Release|x64
		{7BEB5C4F-414E-4660-904C-6407A3BC3ACF}.Release|x64.Build.0 = Release|x64
		{7BEB5C4F-414E-4660-904C-6407A3BC3ACF}.Release|x86.ActiveCfg = Release|x86
		{7BEB5C4F-414E-4660-904C-6407A3BC3ACF}.Release|x86.Build.0 = Release|x86
		{A5E5FC71-6B6F-4E57-9BF0-8602F7A707EA}.Debug|.NET.ActiveCfg = Debug|Any CPU
		{A5E5FC71-6B6F-4E57-9BF0-8602F7A707EA}.Debug|Any CPU.ActiveCfg = Debug|Any CPU
		{A5E5FC71-6B6F-4E57-9BF0-8602F7A707EA}.Debug|Any CPU.Build.0 = Debug|Any CPU
		{A5E5FC71-6B6F-4E57-9BF0-8602F7A707EA}.Debug|Mixed Platforms.ActiveCfg = Debug|Any CPU
		{A5E5FC71-6B6F-4E57-9BF0-8602F7A707EA}.Debug|Mixed Platforms.Build.0 = Debug|Any CPU
		{A5E5FC71-6B6F-4E57-9BF0-8602F7A707EA}.Debug|Win32.ActiveCfg = Debug|Any CPU
		{A5E5FC71-6B6F-4E57-9BF0-8602F7A707EA}.Debug|x64.ActiveCfg = Debug|Any CPU
		{A5E5FC71-6B6F-4E57-9BF0-8602F7A707EA}.Debug|x86.ActiveCfg = Debug|Any CPU
		{A5E5FC71-6B6F-4E57-9BF0-8602F7A707EA}.dtSearch Internal Debug|.NET.ActiveCfg = Debug|Any CPU
		{A5E5FC71-6B6F-4E57-9BF0-8602F7A707EA}.dtSearch Internal Debug|Any CPU.ActiveCfg = Debug|Any CPU
		{A5E5FC71-6B6F-4E57-9BF0-8602F7A707EA}.dtSearch Internal Debug|Any CPU.Build.0 = Debug|Any CPU
		{A5E5FC71-6B6F-4E57-9BF0-8602F7A707EA}.dtSearch Internal Debug|Mixed Platforms.ActiveCfg = Debug|Any CPU
		{A5E5FC71-6B6F-4E57-9BF0-8602F7A707EA}.dtSearch Internal Debug|Mixed Platforms.Build.0 = Debug|Any CPU
		{A5E5FC71-6B6F-4E57-9BF0-8602F7A707EA}.dtSearch Internal Debug|Win32.ActiveCfg = Debug|Any CPU
		{A5E5FC71-6B6F-4E57-9BF0-8602F7A707EA}.dtSearch Internal Debug|x64.ActiveCfg = Debug|Any CPU
		{A5E5FC71-6B6F-4E57-9BF0-8602F7A707EA}.dtSearch Internal Debug|x86.ActiveCfg = Debug|Any CPU
		{A5E5FC71-6B6F-4E57-9BF0-8602F7A707EA}.Release|.NET.ActiveCfg = Release|Any CPU
		{A5E5FC71-6B6F-4E57-9BF0-8602F7A707EA}.Release|Any CPU.ActiveCfg = Release|Any CPU
		{A5E5FC71-6B6F-4E57-9BF0-8602F7A707EA}.Release|Any CPU.Build.0 = Release|Any CPU
		{A5E5FC71-6B6F-4E57-9BF0-8602F7A707EA}.Release|Mixed Platforms.ActiveCfg = Release|Any CPU
		{A5E5FC71-6B6F-4E57-9BF0-8602F7A707EA}.Release|Mixed Platforms.Build.0 = Release|Any CPU
		{A5E5FC71-6B6F-4E57-9BF0-8602F7A707EA}.Release|Win32.ActiveCfg = Release|Any CPU
		{A5E5FC71-6B6F-4E57-9BF0-8602F7A707EA}.Release|x64.ActiveCfg = Release|Any CPU
		{A5E5FC71-6B6F-4E57-9BF0-8602F7A707EA}.Release|x86.ActiveCfg = Release|Any CPU
		{CD5DC70F-3D0B-45A3-8CD6-0BE6439C9D7F}.Debug|.NET.ActiveCfg = Debug|Any CPU
		{CD5DC70F-3D0B-45A3-8CD6-0BE6439C9D7F}.Debug|Any CPU.ActiveCfg = Debug|Any CPU
		{CD5DC70F-3D0B-45A3-8CD6-0BE6439C9D7F}.Debug|Any CPU.Build.0 = Debug|Any CPU
		{CD5DC70F-3D0B-45A3-8CD6-0BE6439C9D7F}.Debug|Mixed Platforms.ActiveCfg = Debug|Any CPU
		{CD5DC70F-3D0B-45A3-8CD6-0BE6439C9D7F}.Debug|Mixed Platforms.Build.0 = Debug|Any CPU
		{CD5DC70F-3D0B-45A3-8CD6-0BE6439C9D7F}.Debug|Win32.ActiveCfg = Debug|Any CPU
		{CD5DC70F-3D0B-45A3-8CD6-0BE6439C9D7F}.Debug|x64.ActiveCfg = Debug|Any CPU
		{CD5DC70F-3D0B-45A3-8CD6-0BE6439C9D7F}.Debug|x86.ActiveCfg = Debug|Any CPU
		{CD5DC70F-3D0B-45A3-8CD6-0BE6439C9D7F}.dtSearch Internal Debug|.NET.ActiveCfg = Debug|Any CPU
		{CD5DC70F-3D0B-45A3-8CD6-0BE6439C9D7F}.dtSearch Internal Debug|Any CPU.ActiveCfg = Debug|Any CPU
		{CD5DC70F-3D0B-45A3-8CD6-0BE6439C9D7F}.dtSearch Internal Debug|Any CPU.Build.0 = Debug|Any CPU
		{CD5DC70F-3D0B-45A3-8CD6-0BE6439C9D7F}.dtSearch Internal Debug|Mixed Platforms.ActiveCfg = Debug|Any CPU
		{CD5DC70F-3D0B-45A3-8CD6-0BE6439C9D7F}.dtSearch Internal Debug|Mixed Platforms.Build.0 = Debug|Any CPU
		{CD5DC70F-3D0B-45A3-8CD6-0BE6439C9D7F}.dtSearch Internal Debug|Win32.ActiveCfg = Debug|Any CPU
		{CD5DC70F-3D0B-45A3-8CD6-0BE6439C9D7F}.dtSearch Internal Debug|x64.ActiveCfg = Debug|Any CPU
		{CD5DC70F-3D0B-45A3-8CD6-0BE6439C9D7F}.dtSearch Internal Debug|x86.ActiveCfg = Debug|Any CPU
		{CD5DC70F-3D0B-45A3-8CD6-0BE6439C9D7F}.Release|.NET.ActiveCfg = Debug|Any CPU
		{CD5DC70F-3D0B-45A3-8CD6-0BE6439C9D7F}.Release|Any CPU.ActiveCfg = Debug|Any CPU
		{CD5DC70F-3D0B-45A3-8CD6-0BE6439C9D7F}.Release|Any CPU.Build.0 = Debug|Any CPU
		{CD5DC70F-3D0B-45A3-8CD6-0BE6439C9D7F}.Release|Mixed Platforms.ActiveCfg = Debug|Any CPU
		{CD5DC70F-3D0B-45A3-8CD6-0BE6439C9D7F}.Release|Mixed Platforms.Build.0 = Debug|Any CPU
		{CD5DC70F-3D0B-45A3-8CD6-0BE6439C9D7F}.Release|Win32.ActiveCfg = Debug|Any CPU
		{CD5DC70F-3D0B-45A3-8CD6-0BE6439C9D7F}.Release|x64.ActiveCfg = Debug|Any CPU
		{CD5DC70F-3D0B-45A3-8CD6-0BE6439C9D7F}.Release|x86.ActiveCfg = Debug|Any CPU
		{CC262E84-5002-4E7F-B078-7278E93F0C04}.Debug|.NET.ActiveCfg = Debug|Any CPU
		{CC262E84-5002-4E7F-B078-7278E93F0C04}.Debug|Any CPU.ActiveCfg = Debug|Any CPU
		{CC262E84-5002-4E7F-B078-7278E93F0C04}.Debug|Any CPU.Build.0 = Debug|Any CPU
		{CC262E84-5002-4E7F-B078-7278E93F0C04}.Debug|Mixed Platforms.ActiveCfg = Debug|Any CPU
		{CC262E84-5002-4E7F-B078-7278E93F0C04}.Debug|Mixed Platforms.Build.0 = Debug|Any CPU
		{CC262E84-5002-4E7F-B078-7278E93F0C04}.Debug|Win32.ActiveCfg = Debug|Any CPU
		{CC262E84-5002-4E7F-B078-7278E93F0C04}.Debug|x64.ActiveCfg = Debug|Any CPU
		{CC262E84-5002-4E7F-B078-7278E93F0C04}.Debug|x86.ActiveCfg = Debug|Any CPU
		{CC262E84-5002-4E7F-B078-7278E93F0C04}.dtSearch Internal Debug|.NET.ActiveCfg = Debug|Any CPU
		{CC262E84-5002-4E7F-B078-7278E93F0C04}.dtSearch Internal Debug|Any CPU.ActiveCfg = Debug|Any CPU
		{CC262E84-5002-4E7F-B078-7278E93F0C04}.dtSearch Internal Debug|Any CPU.Build.0 = Debug|Any CPU
		{CC262E84-5002-4E7F-B078-7278E93F0C04}.dtSearch Internal Debug|Mixed Platforms.ActiveCfg = Debug|Any CPU
		{CC262E84-5002-4E7F-B078-7278E93F0C04}.dtSearch Internal Debug|Mixed Platforms.Build.0 = Debug|Any CPU
		{CC262E84-5002-4E7F-B078-7278E93F0C04}.dtSearch Internal Debug|Win32.ActiveCfg = Debug|Any CPU
		{CC262E84-5002-4E7F-B078-7278E93F0C04}.dtSearch Internal Debug|x64.ActiveCfg = Debug|Any CPU
		{CC262E84-5002-4E7F-B078-7278E93F0C04}.dtSearch Internal Debug|x86.ActiveCfg = Debug|Any CPU
		{CC262E84-5002-4E7F-B078-7278E93F0C04}.Release|.NET.ActiveCfg = Release|Any CPU
		{CC262E84-5002-4E7F-B078-7278E93F0C04}.Release|Any CPU.ActiveCfg = Release|Any CPU
		{CC262E84-5002-4E7F-B078-7278E93F0C04}.Release|Any CPU.Build.0 = Release|Any CPU
		{CC262E84-5002-4E7F-B078-7278E93F0C04}.Release|Mixed Platforms.ActiveCfg = Release|Any CPU
		{CC262E84-5002-4E7F-B078-7278E93F0C04}.Release|Mixed Platforms.Build.0 = Release|Any CPU
		{CC262E84-5002-4E7F-B078-7278E93F0C04}.Release|Win32.ActiveCfg = Release|Any CPU
		{CC262E84-5002-4E7F-B078-7278E93F0C04}.Release|x64.ActiveCfg = Release|Any CPU
		{CC262E84-5002-4E7F-B078-7278E93F0C04}.Release|x86.ActiveCfg = Release|Any CPU
	EndGlobalSection
	GlobalSection(SolutionProperties) = preSolution
		HideSolutionNode = FALSE
	EndGlobalSection
EndGlobal
