
Microsoft Visual Studio Solution File, Format Version 11.00
# Visual Studio 2010
Project("{FAE04EC0-301F-11D3-BF4B-00C04F79EFBC}") = "TeamSupport.Data", "TeamSupport.Data\TeamSupport.Data.csproj", "{1943AC11-1F2D-4B85-9F0F-4D67284814BE}"
EndProject
Project("{FAE04EC0-301F-11D3-BF4B-00C04F79EFBC}") = "TeamSupport.WebUtils", "TeamSupport.WebUtils\TeamSupport.WebUtils.csproj", "{7BEB5C4F-414E-4660-904C-6407A3BC3ACF}"
EndProject
Project("{FAE04EC0-301F-11D3-BF4B-00C04F79EFBC}") = "TeamSupport.Api", "TeamSupport.Api\TeamSupport.Api.csproj", "{CC4D311A-D6EA-4113-B648-537824E3B5D7}"
EndProject
Project("{FAE04EC0-301F-11D3-BF4B-00C04F79EFBC}") = "TeamSupport.Handlers", "TeamSupport.Handlers\TeamSupport.Handlers.csproj", "{7B8AA298-9F29-4CB1-979B-18CC31DF76B1}"
EndProject
Project("{E24C65DC-7377-472B-9ABA-BC803B73C61A}") = "WebApp", "WebApp\", "{FE81BB07-5E84-4DBA-9A7A-76F47826EBB9}"
	ProjectSection(WebsiteProperties) = preProject
		TargetFrameworkMoniker = ".NETFramework,Version%3Dv3.5"
		ProjectReferences = "{CC4D311A-D6EA-4113-B648-537824E3B5D7}|TeamSupport.Api.dll;{1943AC11-1F2D-4B85-9F0F-4D67284814BE}|TeamSupport.Data.dll;{7B8AA298-9F29-4CB1-979B-18CC31DF76B1}|TeamSupport.Handlers.dll;{7BEB5C4F-414E-4660-904C-6407A3BC3ACF}|TeamSupport.WebUtils.dll;{C9B7AEFC-11BF-4902-AB1C-055E87479ACE}|TidyNet.dll;{53D27B3B-92A1-4246-94D9-390124F447EC}|SharpZipLib.dll;{193BB801-054F-4729-9D5D-FCE1E32594BF}|HtmlAgilityPack.dll;"
		Debug.AspNetCompiler.VirtualPath = "/WebApp"
		Debug.AspNetCompiler.PhysicalPath = "WebApp\"
		Debug.AspNetCompiler.TargetPath = "PrecompiledWeb\WebApp\"
		Debug.AspNetCompiler.Updateable = "true"
		Debug.AspNetCompiler.ForceOverwrite = "true"
		Debug.AspNetCompiler.FixedNames = "false"
		Debug.AspNetCompiler.Debug = "True"
		Release.AspNetCompiler.VirtualPath = "/WebApp"
		Release.AspNetCompiler.PhysicalPath = "WebApp\"
		Release.AspNetCompiler.TargetPath = "PrecompiledWeb\WebApp\"
		Release.AspNetCompiler.Updateable = "true"
		Release.AspNetCompiler.ForceOverwrite = "true"
		Release.AspNetCompiler.FixedNames = "false"
		Release.AspNetCompiler.Debug = "False"
		VWDPort = "49307"
	EndProjectSection
EndProject
Project("{FAE04EC0-301F-11D3-BF4B-00C04F79EFBC}") = "TidyNet", "TidyNet\TidyNet.csproj", "{C9B7AEFC-11BF-4902-AB1C-055E87479ACE}"
EndProject
Project("{FAE04EC0-301F-11D3-BF4B-00C04F79EFBC}") = "SharpZipLib", "SharpZipLib\SharpZipLib.csproj", "{53D27B3B-92A1-4246-94D9-390124F447EC}"
EndProject
Project("{FAE04EC0-301F-11D3-BF4B-00C04F79EFBC}") = "HtmlAgilityPack", "HtmlAgilityPack\HtmlAgilityPack\HtmlAgilityPack.csproj", "{193BB801-054F-4729-9D5D-FCE1E32594BF}"
EndProject
Global
	GlobalSection(SolutionConfigurationPlatforms) = preSolution
		Debug|.NET = Debug|.NET
		Debug|Any CPU = Debug|Any CPU
		Debug|Mixed Platforms = Debug|Mixed Platforms
		Debug|Win32 = Debug|Win32
		Debug|x64 = Debug|x64
		Debug|x86 = Debug|x86
		dtSearch Internal Debug|.NET = dtSearch Internal Debug|.NET
		dtSearch Internal Debug|Any CPU = dtSearch Internal Debug|Any CPU
		dtSearch Internal Debug|Mixed Platforms = dtSearch Internal Debug|Mixed Platforms
		dtSearch Internal Debug|Win32 = dtSearch Internal Debug|Win32
		dtSearch Internal Debug|x64 = dtSearch Internal Debug|x64
		dtSearch Internal Debug|x86 = dtSearch Internal Debug|x86
		Release|.NET = Release|.NET
		Release|Any CPU = Release|Any CPU
		Release|Mixed Platforms = Release|Mixed Platforms
		Release|Win32 = Release|Win32
		Release|x64 = Release|x64
		Release|x86 = Release|x86
	EndGlobalSection
	GlobalSection(ProjectConfigurationPlatforms) = postSolution
		{1943AC11-1F2D-4B85-9F0F-4D67284814BE}.Debug|.NET.ActiveCfg = Debug|Any CPU
		{1943AC11-1F2D-4B85-9F0F-4D67284814BE}.Debug|Any CPU.ActiveCfg = Debug|Any CPU
		{1943AC11-1F2D-4B85-9F0F-4D67284814BE}.Debug|Any CPU.Build.0 = Debug|Any CPU
		{1943AC11-1F2D-4B85-9F0F-4D67284814BE}.Debug|Mixed Platforms.ActiveCfg = Debug|Any CPU
		{1943AC11-1F2D-4B85-9F0F-4D67284814BE}.Debug|Mixed Platforms.Build.0 = Debug|Any CPU
		{1943AC11-1F2D-4B85-9F0F-4D67284814BE}.Debug|Win32.ActiveCfg = Debug|x86
		{1943AC11-1F2D-4B85-9F0F-4D67284814BE}.Debug|x64.ActiveCfg = Debug|x64
		{1943AC11-1F2D-4B85-9F0F-4D67284814BE}.Debug|x64.Build.0 = Debug|x64
		{1943AC11-1F2D-4B85-9F0F-4D67284814BE}.Debug|x86.ActiveCfg = Debug|x86
		{1943AC11-1F2D-4B85-9F0F-4D67284814BE}.Debug|x86.Build.0 = Debug|x86
		{1943AC11-1F2D-4B85-9F0F-4D67284814BE}.dtSearch Internal Debug|.NET.ActiveCfg = Debug|x86
		{1943AC11-1F2D-4B85-9F0F-4D67284814BE}.dtSearch Internal Debug|Any CPU.ActiveCfg = Debug|Any CPU
		{1943AC11-1F2D-4B85-9F0F-4D67284814BE}.dtSearch Internal Debug|Any CPU.Build.0 = Debug|Any CPU
		{1943AC11-1F2D-4B85-9F0F-4D67284814BE}.dtSearch Internal Debug|Mixed Platforms.ActiveCfg = Debug|x86
		{1943AC11-1F2D-4B85-9F0F-4D67284814BE}.dtSearch Internal Debug|Mixed Platforms.Build.0 = Debug|x86
		{1943AC11-1F2D-4B85-9F0F-4D67284814BE}.dtSearch Internal Debug|Win32.ActiveCfg = Debug|x86
		{1943AC11-1F2D-4B85-9F0F-4D67284814BE}.dtSearch Internal Debug|x64.ActiveCfg = Debug|x64
		{1943AC11-1F2D-4B85-9F0F-4D67284814BE}.dtSearch Internal Debug|x64.Build.0 = Debug|x64
		{1943AC11-1F2D-4B85-9F0F-4D67284814BE}.dtSearch Internal Debug|x86.ActiveCfg = Debug|x86
		{1943AC11-1F2D-4B85-9F0F-4D67284814BE}.dtSearch Internal Debug|x86.Build.0 = Debug|x86
		{1943AC11-1F2D-4B85-9F0F-4D67284814BE}.Release|.NET.ActiveCfg = Release|Any CPU
		{1943AC11-1F2D-4B85-9F0F-4D67284814BE}.Release|Any CPU.ActiveCfg = Release|Any CPU
		{1943AC11-1F2D-4B85-9F0F-4D67284814BE}.Release|Any CPU.Build.0 = Release|Any CPU
		{1943AC11-1F2D-4B85-9F0F-4D67284814BE}.Release|Mixed Platforms.ActiveCfg = Release|Any CPU
		{1943AC11-1F2D-4B85-9F0F-4D67284814BE}.Release|Mixed Platforms.Build.0 = Release|Any CPU
		{1943AC11-1F2D-4B85-9F0F-4D67284814BE}.Release|Win32.ActiveCfg = Release|x86
		{1943AC11-1F2D-4B85-9F0F-4D67284814BE}.Release|x64.ActiveCfg = Release|x64
		{1943AC11-1F2D-4B85-9F0F-4D67284814BE}.Release|x64.Build.0 = Release|x64
		{1943AC11-1F2D-4B85-9F0F-4D67284814BE}.Release|x86.ActiveCfg = Release|x86
		{1943AC11-1F2D-4B85-9F0F-4D67284814BE}.Release|x86.Build.0 = Release|x86
		{7BEB5C4F-414E-4660-904C-6407A3BC3ACF}.Debug|.NET.ActiveCfg = Debug|Any CPU
		{7BEB5C4F-414E-4660-904C-6407A3BC3ACF}.Debug|Any CPU.ActiveCfg = Debug|Any CPU
		{7BEB5C4F-414E-4660-904C-6407A3BC3ACF}.Debug|Any CPU.Build.0 = Debug|Any CPU
		{7BEB5C4F-414E-4660-904C-6407A3BC3ACF}.Debug|Mixed Platforms.ActiveCfg = Debug|Any CPU
		{7BEB5C4F-414E-4660-904C-6407A3BC3ACF}.Debug|Mixed Platforms.Build.0 = Debug|Any CPU
		{7BEB5C4F-414E-4660-904C-6407A3BC3ACF}.Debug|Win32.ActiveCfg = Debug|x86
		{7BEB5C4F-414E-4660-904C-6407A3BC3ACF}.Debug|x64.ActiveCfg = Debug|x64
		{7BEB5C4F-414E-4660-904C-6407A3BC3ACF}.Debug|x64.Build.0 = Debug|x64
		{7BEB5C4F-414E-4660-904C-6407A3BC3ACF}.Debug|x86.ActiveCfg = Debug|x86
		{7BEB5C4F-414E-4660-904C-6407A3BC3ACF}.Debug|x86.Build.0 = Debug|x86
		{7BEB5C4F-414E-4660-904C-6407A3BC3ACF}.dtSearch Internal Debug|.NET.ActiveCfg = Debug|x86
		{7BEB5C4F-414E-4660-904C-6407A3BC3ACF}.dtSearch Internal Debug|Any CPU.ActiveCfg = Debug|Any CPU
		{7BEB5C4F-414E-4660-904C-6407A3BC3ACF}.dtSearch Internal Debug|Any CPU.Build.0 = Debug|Any CPU
		{7BEB5C4F-414E-4660-904C-6407A3BC3ACF}.dtSearch Internal Debug|Mixed Platforms.ActiveCfg = Debug|x86
		{7BEB5C4F-414E-4660-904C-6407A3BC3ACF}.dtSearch Internal Debug|Mixed Platforms.Build.0 = Debug|x86
		{7BEB5C4F-414E-4660-904C-6407A3BC3ACF}.dtSearch Internal Debug|Win32.ActiveCfg = Debug|x86
		{7BEB5C4F-414E-4660-904C-6407A3BC3ACF}.dtSearch Internal Debug|x64.ActiveCfg = Debug|x64
		{7BEB5C4F-414E-4660-904C-6407A3BC3ACF}.dtSearch Internal Debug|x64.Build.0 = Debug|x64
		{7BEB5C4F-414E-4660-904C-6407A3BC3ACF}.dtSearch Internal Debug|x86.ActiveCfg = Debug|x86
		{7BEB5C4F-414E-4660-904C-6407A3BC3ACF}.dtSearch Internal Debug|x86.Build.0 = Debug|x86
		{7BEB5C4F-414E-4660-904C-6407A3BC3ACF}.Release|.NET.ActiveCfg = Release|Any CPU
		{7BEB5C4F-414E-4660-904C-6407A3BC3ACF}.Release|Any CPU.ActiveCfg = Release|Any CPU
		{7BEB5C4F-414E-4660-904C-6407A3BC3ACF}.Release|Any CPU.Build.0 = Release|Any CPU
		{7BEB5C4F-414E-4660-904C-6407A3BC3ACF}.Release|Mixed Platforms.ActiveCfg = Release|Any CPU
		{7BEB5C4F-414E-4660-904C-6407A3BC3ACF}.Release|Mixed Platforms.Build.0 = Release|Any CPU
		{7BEB5C4F-414E-4660-904C-6407A3BC3ACF}.Release|Win32.ActiveCfg = Release|x86
		{7BEB5C4F-414E-4660-904C-6407A3BC3ACF}.Release|x64.ActiveCfg = Release|x64
		{7BEB5C4F-414E-4660-904C-6407A3BC3ACF}.Release|x64.Build.0 = Release|x64
		{7BEB5C4F-414E-4660-904C-6407A3BC3ACF}.Release|x86.ActiveCfg = Release|x86
		{7BEB5C4F-414E-4660-904C-6407A3BC3ACF}.Release|x86.Build.0 = Release|x86
		{CC4D311A-D6EA-4113-B648-537824E3B5D7}.Debug|.NET.ActiveCfg = Debug|Any CPU
		{CC4D311A-D6EA-4113-B648-537824E3B5D7}.Debug|Any CPU.ActiveCfg = Debug|Any CPU
		{CC4D311A-D6EA-4113-B648-537824E3B5D7}.Debug|Any CPU.Build.0 = Debug|Any CPU
		{CC4D311A-D6EA-4113-B648-537824E3B5D7}.Debug|Mixed Platforms.ActiveCfg = Debug|Any CPU
		{CC4D311A-D6EA-4113-B648-537824E3B5D7}.Debug|Mixed Platforms.Build.0 = Debug|Any CPU
		{CC4D311A-D6EA-4113-B648-537824E3B5D7}.Debug|Win32.ActiveCfg = Debug|x86
		{CC4D311A-D6EA-4113-B648-537824E3B5D7}.Debug|x64.ActiveCfg = Debug|x64
		{CC4D311A-D6EA-4113-B648-537824E3B5D7}.Debug|x64.Build.0 = Debug|x64
		{CC4D311A-D6EA-4113-B648-537824E3B5D7}.Debug|x86.ActiveCfg = Debug|x86
		{CC4D311A-D6EA-4113-B648-537824E3B5D7}.Debug|x86.Build.0 = Debug|x86
		{CC4D311A-D6EA-4113-B648-537824E3B5D7}.dtSearch Internal Debug|.NET.ActiveCfg = Debug|x86
		{CC4D311A-D6EA-4113-B648-537824E3B5D7}.dtSearch Internal Debug|Any CPU.ActiveCfg = Debug|Any CPU
		{CC4D311A-D6EA-4113-B648-537824E3B5D7}.dtSearch Internal Debug|Any CPU.Build.0 = Debug|Any CPU
		{CC4D311A-D6EA-4113-B648-537824E3B5D7}.dtSearch Internal Debug|Mixed Platforms.ActiveCfg = Debug|x86
		{CC4D311A-D6EA-4113-B648-537824E3B5D7}.dtSearch Internal Debug|Mixed Platforms.Build.0 = Debug|x86
		{CC4D311A-D6EA-4113-B648-537824E3B5D7}.dtSearch Internal Debug|Win32.ActiveCfg = Debug|x86
		{CC4D311A-D6EA-4113-B648-537824E3B5D7}.dtSearch Internal Debug|x64.ActiveCfg = Debug|x64
		{CC4D311A-D6EA-4113-B648-537824E3B5D7}.dtSearch Internal Debug|x64.Build.0 = Debug|x64
		{CC4D311A-D6EA-4113-B648-537824E3B5D7}.dtSearch Internal Debug|x86.ActiveCfg = Debug|x86
		{CC4D311A-D6EA-4113-B648-537824E3B5D7}.dtSearch Internal Debug|x86.Build.0 = Debug|x86
		{CC4D311A-D6EA-4113-B648-537824E3B5D7}.Release|.NET.ActiveCfg = Release|Any CPU
		{CC4D311A-D6EA-4113-B648-537824E3B5D7}.Release|Any CPU.ActiveCfg = Release|Any CPU
		{CC4D311A-D6EA-4113-B648-537824E3B5D7}.Release|Any CPU.Build.0 = Release|Any CPU
		{CC4D311A-D6EA-4113-B648-537824E3B5D7}.Release|Mixed Platforms.ActiveCfg = Release|Any CPU
		{CC4D311A-D6EA-4113-B648-537824E3B5D7}.Release|Mixed Platforms.Build.0 = Release|Any CPU
		{CC4D311A-D6EA-4113-B648-537824E3B5D7}.Release|Win32.ActiveCfg = Release|x86
		{CC4D311A-D6EA-4113-B648-537824E3B5D7}.Release|x64.ActiveCfg = Release|x64
		{CC4D311A-D6EA-4113-B648-537824E3B5D7}.Release|x64.Build.0 = Release|x64
		{CC4D311A-D6EA-4113-B648-537824E3B5D7}.Release|x86.ActiveCfg = Release|x86
		{CC4D311A-D6EA-4113-B648-537824E3B5D7}.Release|x86.Build.0 = Release|x86
		{7B8AA298-9F29-4CB1-979B-18CC31DF76B1}.Debug|.NET.ActiveCfg = Debug|Any CPU
		{7B8AA298-9F29-4CB1-979B-18CC31DF76B1}.Debug|Any CPU.ActiveCfg = Debug|Any CPU
		{7B8AA298-9F29-4CB1-979B-18CC31DF76B1}.Debug|Any CPU.Build.0 = Debug|Any CPU
		{7B8AA298-9F29-4CB1-979B-18CC31DF76B1}.Debug|Mixed Platforms.ActiveCfg = Debug|Any CPU
		{7B8AA298-9F29-4CB1-979B-18CC31DF76B1}.Debug|Mixed Platforms.Build.0 = Debug|Any CPU
		{7B8AA298-9F29-4CB1-979B-18CC31DF76B1}.Debug|Win32.ActiveCfg = Debug|x86
		{7B8AA298-9F29-4CB1-979B-18CC31DF76B1}.Debug|x64.ActiveCfg = Debug|x64
		{7B8AA298-9F29-4CB1-979B-18CC31DF76B1}.Debug|x64.Build.0 = Debug|x64
		{7B8AA298-9F29-4CB1-979B-18CC31DF76B1}.Debug|x86.ActiveCfg = Debug|x86
		{7B8AA298-9F29-4CB1-979B-18CC31DF76B1}.Debug|x86.Build.0 = Debug|x86
		{7B8AA298-9F29-4CB1-979B-18CC31DF76B1}.dtSearch Internal Debug|.NET.ActiveCfg = Debug|x86
		{7B8AA298-9F29-4CB1-979B-18CC31DF76B1}.dtSearch Internal Debug|Any CPU.ActiveCfg = Debug|Any CPU
		{7B8AA298-9F29-4CB1-979B-18CC31DF76B1}.dtSearch Internal Debug|Any CPU.Build.0 = Debug|Any CPU
		{7B8AA298-9F29-4CB1-979B-18CC31DF76B1}.dtSearch Internal Debug|Mixed Platforms.ActiveCfg = Debug|x86
		{7B8AA298-9F29-4CB1-979B-18CC31DF76B1}.dtSearch Internal Debug|Mixed Platforms.Build.0 = Debug|x86
		{7B8AA298-9F29-4CB1-979B-18CC31DF76B1}.dtSearch Internal Debug|Win32.ActiveCfg = Debug|x86
		{7B8AA298-9F29-4CB1-979B-18CC31DF76B1}.dtSearch Internal Debug|x64.ActiveCfg = Debug|x64
		{7B8AA298-9F29-4CB1-979B-18CC31DF76B1}.dtSearch Internal Debug|x64.Build.0 = Debug|x64
		{7B8AA298-9F29-4CB1-979B-18CC31DF76B1}.dtSearch Internal Debug|x86.ActiveCfg = Debug|x86
		{7B8AA298-9F29-4CB1-979B-18CC31DF76B1}.dtSearch Internal Debug|x86.Build.0 = Debug|x86
		{7B8AA298-9F29-4CB1-979B-18CC31DF76B1}.Release|.NET.ActiveCfg = Release|Any CPU
		{7B8AA298-9F29-4CB1-979B-18CC31DF76B1}.Release|Any CPU.ActiveCfg = Release|Any CPU
		{7B8AA298-9F29-4CB1-979B-18CC31DF76B1}.Release|Any CPU.Build.0 = Release|Any CPU
		{7B8AA298-9F29-4CB1-979B-18CC31DF76B1}.Release|Mixed Platforms.ActiveCfg = Release|Any CPU
		{7B8AA298-9F29-4CB1-979B-18CC31DF76B1}.Release|Mixed Platforms.Build.0 = Release|Any CPU
		{7B8AA298-9F29-4CB1-979B-18CC31DF76B1}.Release|Win32.ActiveCfg = Release|x86
		{7B8AA298-9F29-4CB1-979B-18CC31DF76B1}.Release|x64.ActiveCfg = Release|x64
		{7B8AA298-9F29-4CB1-979B-18CC31DF76B1}.Release|x64.Build.0 = Release|x64
		{7B8AA298-9F29-4CB1-979B-18CC31DF76B1}.Release|x86.ActiveCfg = Release|x86
		{7B8AA298-9F29-4CB1-979B-18CC31DF76B1}.Release|x86.Build.0 = Release|x86
		{FE81BB07-5E84-4DBA-9A7A-76F47826EBB9}.Debug|.NET.ActiveCfg = Debug|Any CPU
		{FE81BB07-5E84-4DBA-9A7A-76F47826EBB9}.Debug|Any CPU.ActiveCfg = Debug|Any CPU
		{FE81BB07-5E84-4DBA-9A7A-76F47826EBB9}.Debug|Any CPU.Build.0 = Debug|Any CPU
		{FE81BB07-5E84-4DBA-9A7A-76F47826EBB9}.Debug|Mixed Platforms.ActiveCfg = Debug|Any CPU
		{FE81BB07-5E84-4DBA-9A7A-76F47826EBB9}.Debug|Mixed Platforms.Build.0 = Debug|Any CPU
		{FE81BB07-5E84-4DBA-9A7A-76F47826EBB9}.Debug|Win32.ActiveCfg = Debug|Any CPU
		{FE81BB07-5E84-4DBA-9A7A-76F47826EBB9}.Debug|x64.ActiveCfg = Debug|Any CPU
		{FE81BB07-5E84-4DBA-9A7A-76F47826EBB9}.Debug|x64.Build.0 = Debug|Any CPU
		{FE81BB07-5E84-4DBA-9A7A-76F47826EBB9}.Debug|x86.ActiveCfg = Debug|Any CPU
		{FE81BB07-5E84-4DBA-9A7A-76F47826EBB9}.Debug|x86.Build.0 = Debug|Any CPU
		{FE81BB07-5E84-4DBA-9A7A-76F47826EBB9}.dtSearch Internal Debug|.NET.ActiveCfg = Debug|Any CPU
		{FE81BB07-5E84-4DBA-9A7A-76F47826EBB9}.dtSearch Internal Debug|Any CPU.ActiveCfg = Debug|Any CPU
		{FE81BB07-5E84-4DBA-9A7A-76F47826EBB9}.dtSearch Internal Debug|Any CPU.Build.0 = Debug|Any CPU
		{FE81BB07-5E84-4DBA-9A7A-76F47826EBB9}.dtSearch Internal Debug|Mixed Platforms.ActiveCfg = Debug|Any CPU
		{FE81BB07-5E84-4DBA-9A7A-76F47826EBB9}.dtSearch Internal Debug|Mixed Platforms.Build.0 = Debug|Any CPU
		{FE81BB07-5E84-4DBA-9A7A-76F47826EBB9}.dtSearch Internal Debug|Win32.ActiveCfg = Debug|Any CPU
		{FE81BB07-5E84-4DBA-9A7A-76F47826EBB9}.dtSearch Internal Debug|x64.ActiveCfg = Debug|Any CPU
		{FE81BB07-5E84-4DBA-9A7A-76F47826EBB9}.dtSearch Internal Debug|x86.ActiveCfg = Debug|Any CPU
		{FE81BB07-5E84-4DBA-9A7A-76F47826EBB9}.Release|.NET.ActiveCfg = Debug|Any CPU
		{FE81BB07-5E84-4DBA-9A7A-76F47826EBB9}.Release|Any CPU.ActiveCfg = Debug|Any CPU
		{FE81BB07-5E84-4DBA-9A7A-76F47826EBB9}.Release|Any CPU.Build.0 = Debug|Any CPU
		{FE81BB07-5E84-4DBA-9A7A-76F47826EBB9}.Release|Mixed Platforms.ActiveCfg = Debug|Any CPU
		{FE81BB07-5E84-4DBA-9A7A-76F47826EBB9}.Release|Mixed Platforms.Build.0 = Debug|Any CPU
		{FE81BB07-5E84-4DBA-9A7A-76F47826EBB9}.Release|Win32.ActiveCfg = Debug|Any CPU
		{FE81BB07-5E84-4DBA-9A7A-76F47826EBB9}.Release|x64.ActiveCfg = Debug|Any CPU
		{FE81BB07-5E84-4DBA-9A7A-76F47826EBB9}.Release|x86.ActiveCfg = Debug|Any CPU
		{C9B7AEFC-11BF-4902-AB1C-055E87479ACE}.Debug|.NET.ActiveCfg = Debug|Any CPU
		{C9B7AEFC-11BF-4902-AB1C-055E87479ACE}.Debug|Any CPU.ActiveCfg = Debug|Any CPU
		{C9B7AEFC-11BF-4902-AB1C-055E87479ACE}.Debug|Any CPU.Build.0 = Debug|Any CPU
		{C9B7AEFC-11BF-4902-AB1C-055E87479ACE}.Debug|Mixed Platforms.ActiveCfg = Debug|Any CPU
		{C9B7AEFC-11BF-4902-AB1C-055E87479ACE}.Debug|Mixed Platforms.Build.0 = Debug|Any CPU
		{C9B7AEFC-11BF-4902-AB1C-055E87479ACE}.Debug|Win32.ActiveCfg = Debug|x86
		{C9B7AEFC-11BF-4902-AB1C-055E87479ACE}.Debug|x64.ActiveCfg = Debug|x64
		{C9B7AEFC-11BF-4902-AB1C-055E87479ACE}.Debug|x64.Build.0 = Debug|x64
		{C9B7AEFC-11BF-4902-AB1C-055E87479ACE}.Debug|x86.ActiveCfg = Debug|x86
		{C9B7AEFC-11BF-4902-AB1C-055E87479ACE}.Debug|x86.Build.0 = Debug|x86
		{C9B7AEFC-11BF-4902-AB1C-055E87479ACE}.dtSearch Internal Debug|.NET.ActiveCfg = Debug|x86
		{C9B7AEFC-11BF-4902-AB1C-055E87479ACE}.dtSearch Internal Debug|Any CPU.ActiveCfg = Debug|Any CPU
		{C9B7AEFC-11BF-4902-AB1C-055E87479ACE}.dtSearch Internal Debug|Any CPU.Build.0 = Debug|Any CPU
		{C9B7AEFC-11BF-4902-AB1C-055E87479ACE}.dtSearch Internal Debug|Mixed Platforms.ActiveCfg = Debug|x86
		{C9B7AEFC-11BF-4902-AB1C-055E87479ACE}.dtSearch Internal Debug|Mixed Platforms.Build.0 = Debug|x86
		{C9B7AEFC-11BF-4902-AB1C-055E87479ACE}.dtSearch Internal Debug|Win32.ActiveCfg = Debug|x86
		{C9B7AEFC-11BF-4902-AB1C-055E87479ACE}.dtSearch Internal Debug|x64.ActiveCfg = Debug|x64
		{C9B7AEFC-11BF-4902-AB1C-055E87479ACE}.dtSearch Internal Debug|x64.Build.0 = Debug|x64
		{C9B7AEFC-11BF-4902-AB1C-055E87479ACE}.dtSearch Internal Debug|x86.ActiveCfg = Debug|x86
		{C9B7AEFC-11BF-4902-AB1C-055E87479ACE}.dtSearch Internal Debug|x86.Build.0 = Debug|x86
		{C9B7AEFC-11BF-4902-AB1C-055E87479ACE}.Release|.NET.ActiveCfg = Release|Any CPU
		{C9B7AEFC-11BF-4902-AB1C-055E87479ACE}.Release|Any CPU.ActiveCfg = Release|Any CPU
		{C9B7AEFC-11BF-4902-AB1C-055E87479ACE}.Release|Any CPU.Build.0 = Release|Any CPU
		{C9B7AEFC-11BF-4902-AB1C-055E87479ACE}.Release|Mixed Platforms.ActiveCfg = Release|Any CPU
		{C9B7AEFC-11BF-4902-AB1C-055E87479ACE}.Release|Mixed Platforms.Build.0 = Release|Any CPU
		{C9B7AEFC-11BF-4902-AB1C-055E87479ACE}.Release|Win32.ActiveCfg = Release|x86
		{C9B7AEFC-11BF-4902-AB1C-055E87479ACE}.Release|x64.ActiveCfg = Release|x64
		{C9B7AEFC-11BF-4902-AB1C-055E87479ACE}.Release|x64.Build.0 = Release|x64
		{C9B7AEFC-11BF-4902-AB1C-055E87479ACE}.Release|x86.ActiveCfg = Release|x86
		{C9B7AEFC-11BF-4902-AB1C-055E87479ACE}.Release|x86.Build.0 = Release|x86
		{53D27B3B-92A1-4246-94D9-390124F447EC}.Debug|.NET.ActiveCfg = Debug|Any CPU
		{53D27B3B-92A1-4246-94D9-390124F447EC}.Debug|Any CPU.ActiveCfg = Debug|Any CPU
		{53D27B3B-92A1-4246-94D9-390124F447EC}.Debug|Any CPU.Build.0 = Debug|Any CPU
		{53D27B3B-92A1-4246-94D9-390124F447EC}.Debug|Mixed Platforms.ActiveCfg = Debug|Any CPU
		{53D27B3B-92A1-4246-94D9-390124F447EC}.Debug|Mixed Platforms.Build.0 = Debug|Any CPU
		{53D27B3B-92A1-4246-94D9-390124F447EC}.Debug|Win32.ActiveCfg = Debug|x86
		{53D27B3B-92A1-4246-94D9-390124F447EC}.Debug|x64.ActiveCfg = Debug|x64
		{53D27B3B-92A1-4246-94D9-390124F447EC}.Debug|x64.Build.0 = Debug|x64
		{53D27B3B-92A1-4246-94D9-390124F447EC}.Debug|x86.ActiveCfg = Debug|x86
		{53D27B3B-92A1-4246-94D9-390124F447EC}.Debug|x86.Build.0 = Debug|x86
		{53D27B3B-92A1-4246-94D9-390124F447EC}.dtSearch Internal Debug|.NET.ActiveCfg = Debug|x86
		{53D27B3B-92A1-4246-94D9-390124F447EC}.dtSearch Internal Debug|Any CPU.ActiveCfg = Debug|Any CPU
		{53D27B3B-92A1-4246-94D9-390124F447EC}.dtSearch Internal Debug|Any CPU.Build.0 = Debug|Any CPU
		{53D27B3B-92A1-4246-94D9-390124F447EC}.dtSearch Internal Debug|Mixed Platforms.ActiveCfg = Debug|x86
		{53D27B3B-92A1-4246-94D9-390124F447EC}.dtSearch Internal Debug|Mixed Platforms.Build.0 = Debug|x86
		{53D27B3B-92A1-4246-94D9-390124F447EC}.dtSearch Internal Debug|Win32.ActiveCfg = Debug|x86
		{53D27B3B-92A1-4246-94D9-390124F447EC}.dtSearch Internal Debug|x64.ActiveCfg = Debug|x64
		{53D27B3B-92A1-4246-94D9-390124F447EC}.dtSearch Internal Debug|x64.Build.0 = Debug|x64
		{53D27B3B-92A1-4246-94D9-390124F447EC}.dtSearch Internal Debug|x86.ActiveCfg = Debug|x86
		{53D27B3B-92A1-4246-94D9-390124F447EC}.dtSearch Internal Debug|x86.Build.0 = Debug|x86
		{53D27B3B-92A1-4246-94D9-390124F447EC}.Release|.NET.ActiveCfg = Release|Any CPU
		{53D27B3B-92A1-4246-94D9-390124F447EC}.Release|Any CPU.ActiveCfg = Release|Any CPU
		{53D27B3B-92A1-4246-94D9-390124F447EC}.Release|Any CPU.Build.0 = Release|Any CPU
		{53D27B3B-92A1-4246-94D9-390124F447EC}.Release|Mixed Platforms.ActiveCfg = Release|Any CPU
		{53D27B3B-92A1-4246-94D9-390124F447EC}.Release|Mixed Platforms.Build.0 = Release|Any CPU
		{53D27B3B-92A1-4246-94D9-390124F447EC}.Release|Win32.ActiveCfg = Release|x86
		{53D27B3B-92A1-4246-94D9-390124F447EC}.Release|x64.ActiveCfg = Release|x64
		{53D27B3B-92A1-4246-94D9-390124F447EC}.Release|x64.Build.0 = Release|x64
		{53D27B3B-92A1-4246-94D9-390124F447EC}.Release|x86.ActiveCfg = Release|x86
		{53D27B3B-92A1-4246-94D9-390124F447EC}.Release|x86.Build.0 = Release|x86
		{193BB801-054F-4729-9D5D-FCE1E32594BF}.Debug|.NET.ActiveCfg = Debug|Any CPU
		{193BB801-054F-4729-9D5D-FCE1E32594BF}.Debug|Any CPU.ActiveCfg = Debug|Any CPU
		{193BB801-054F-4729-9D5D-FCE1E32594BF}.Debug|Any CPU.Build.0 = Debug|Any CPU
		{193BB801-054F-4729-9D5D-FCE1E32594BF}.Debug|Mixed Platforms.ActiveCfg = Debug|Any CPU
		{193BB801-054F-4729-9D5D-FCE1E32594BF}.Debug|Mixed Platforms.Build.0 = Debug|Any CPU
		{193BB801-054F-4729-9D5D-FCE1E32594BF}.Debug|Win32.ActiveCfg = Debug|Any CPU
		{193BB801-054F-4729-9D5D-FCE1E32594BF}.Debug|x64.ActiveCfg = Debug|Any CPU
		{193BB801-054F-4729-9D5D-FCE1E32594BF}.Debug|x86.ActiveCfg = Debug|Any CPU
		{193BB801-054F-4729-9D5D-FCE1E32594BF}.Debug|x86.Build.0 = Debug|Any CPU
		{193BB801-054F-4729-9D5D-FCE1E32594BF}.dtSearch Internal Debug|.NET.ActiveCfg = Debug|Any CPU
		{193BB801-054F-4729-9D5D-FCE1E32594BF}.dtSearch Internal Debug|Any CPU.ActiveCfg = Debug|Any CPU
		{193BB801-054F-4729-9D5D-FCE1E32594BF}.dtSearch Internal Debug|Any CPU.Build.0 = Debug|Any CPU
		{193BB801-054F-4729-9D5D-FCE1E32594BF}.dtSearch Internal Debug|Mixed Platforms.ActiveCfg = Debug|Any CPU
		{193BB801-054F-4729-9D5D-FCE1E32594BF}.dtSearch Internal Debug|Mixed Platforms.Build.0 = Debug|Any CPU
		{193BB801-054F-4729-9D5D-FCE1E32594BF}.dtSearch Internal Debug|Win32.ActiveCfg = Debug|Any CPU
		{193BB801-054F-4729-9D5D-FCE1E32594BF}.dtSearch Internal Debug|x64.ActiveCfg = Debug|Any CPU
		{193BB801-054F-4729-9D5D-FCE1E32594BF}.dtSearch Internal Debug|x86.ActiveCfg = Debug|Any CPU
		{193BB801-054F-4729-9D5D-FCE1E32594BF}.Release|.NET.ActiveCfg = Release|Any CPU
		{193BB801-054F-4729-9D5D-FCE1E32594BF}.Release|Any CPU.ActiveCfg = Release|Any CPU
		{193BB801-054F-4729-9D5D-FCE1E32594BF}.Release|Any CPU.Build.0 = Release|Any CPU
		{193BB801-054F-4729-9D5D-FCE1E32594BF}.Release|Mixed Platforms.ActiveCfg = Release|Any CPU
		{193BB801-054F-4729-9D5D-FCE1E32594BF}.Release|Mixed Platforms.Build.0 = Release|Any CPU
		{193BB801-054F-4729-9D5D-FCE1E32594BF}.Release|Win32.ActiveCfg = Release|Any CPU
		{193BB801-054F-4729-9D5D-FCE1E32594BF}.Release|x64.ActiveCfg = Release|Any CPU
		{193BB801-054F-4729-9D5D-FCE1E32594BF}.Release|x86.ActiveCfg = Release|Any CPU
	EndGlobalSection
	GlobalSection(SolutionProperties) = preSolution
		HideSolutionNode = FALSE
	EndGlobalSection
EndGlobal
