
Microsoft Visual Studio Solution File, Format Version 12.00
# Visual Studio 15
VisualStudioVersion = 15.0.27130.2036
MinimumVisualStudioVersion = 10.0.40219.1
Project("{FAE04EC0-301F-11D3-BF4B-00C04F79EFBC}") = "WatsonToneAnalyzer", "WatsonToneAnalyzer.csproj", "{078FA211-F53C-4987-BF9A-8D94A2EA9DB1}"
EndProject
Global
	GlobalSection(SolutionConfigurationPlatforms) = preSolution
		Debug|Any CPU = Debug|Any CPU
		Release|Any CPU = Release|Any CPU
	EndGlobalSection
	GlobalSection(ProjectConfigurationPlatforms) = postSolution
		{078FA211-F53C-4987-BF9A-8D94A2EA9DB1}.Debug|Any CPU.ActiveCfg = Debug|Any CPU
		{078FA211-F53C-4987-BF9A-8D94A2EA9DB1}.Debug|Any CPU.Build.0 = Debug|Any CPU
		{078FA211-F53C-4987-BF9A-8D94A2EA9DB1}.Release|Any CPU.ActiveCfg = Release|Any CPU
		{078FA211-F53C-4987-BF9A-8D94A2EA9DB1}.Release|Any CPU.Build.0 = Release|Any CPU
	EndGlobalSection
	GlobalSection(SolutionProperties) = preSolution
		HideSolutionNode = FALSE
	EndGlobalSection
	GlobalSection(ExtensibilityGlobals) = postSolution
		SolutionGuid = {6F398A86-1CB1-46D1-BD17-BA538F850681}
	EndGlobalSection
EndGlobal
